
Microsoft Visual Studio Solution File, Format Version 12.00
# Visual Studio 15
Project("{FAE04EC0-301F-11D3-BF4B-00C04F79EFBC}") = "Oculus.Interaction.Editor", "Oculus.Interaction.Editor.csproj", "{70A46674-B722-08E3-C15B-6B2BC17323AA}"
EndProject
Project("{FAE04EC0-301F-11D3-BF4B-00C04F79EFBC}") = "Meta.WitAi.Conduit", "Meta.WitAi.Conduit.csproj", "{CA23F4EE-AD41-2E5B-8C23-B05A4275C719}"
EndProject
Project("{FAE04EC0-301F-11D3-BF4B-00C04F79EFBC}") = "Oculus.VR", "Oculus.VR.csproj", "{876E87C3-6306-E3EA-08EC-CC414BC71ADA}"
EndProject
Project("{FAE04EC0-301F-11D3-BF4B-00C04F79EFBC}") = "Oculus.Interaction", "Oculus.Interaction.csproj", "{3C7D7A45-EF8E-8879-ECDC-652324D0367E}"
EndProject
Project("{FAE04EC0-301F-11D3-BF4B-00C04F79EFBC}") = "Meta.Voice.Samples.ShapesConduit", "Meta.Voice.Samples.ShapesConduit.csproj", "{513839AB-2826-82D9-097D-B18B6C497354}"
EndProject
Project("{FAE04EC0-301F-11D3-BF4B-00C04F79EFBC}") = "Assembly-CSharp", "Assembly-CSharp.csproj", "{BCB002E8-9E6F-DCDD-8EDF-A97CAA3F77A8}"
EndProject
Project("{FAE04EC0-301F-11D3-BF4B-00C04F79EFBC}") = "Meta.WitAi.Editor", "Meta.WitAi.Editor.csproj", "{32CA6BE0-06F0-3B17-3A24-C831F6F0F2A9}"
EndProject
Project("{FAE04EC0-301F-11D3-BF4B-00C04F79EFBC}") = "Oculus.Platform", "Oculus.Platform.csproj", "{EFE6CED1-DAD8-8AD2-04F8-AFA679312836}"
EndProject
Project("{FAE04EC0-301F-11D3-BF4B-00C04F79EFBC}") = "VoiceSDK.Telemetry", "VoiceSDK.Telemetry.csproj", "{85865213-4C9D-F276-6613-7EE865E643A7}"
EndProject
Project("{FAE04EC0-301F-11D3-BF4B-00C04F79EFBC}") = "Meta.WitAi.Conduit.Editor", "Meta.WitAi.Conduit.Editor.csproj", "{4A05B13F-F41E-7812-B930-202DBED440A0}"
EndProject
Project("{FAE04EC0-301F-11D3-BF4B-00C04F79EFBC}") = "Meta.WitAi", "Meta.WitAi.csproj", "{936DE656-EF34-A2E6-DB63-8AC028F23313}"
EndProject
Project("{FAE04EC0-301F-11D3-BF4B-00C04F79EFBC}") = "Oculus.Interaction.OVR.Samples", "Oculus.Interaction.OVR.Samples.csproj", "{EE9529BE-9803-D673-078A-CF925EA80555}"
EndProject
Project("{FAE04EC0-301F-11D3-BF4B-00C04F79EFBC}") = "Meta.WitAi.Lib", "Meta.WitAi.Lib.csproj", "{9B06589D-6A39-8DF0-9BA3-F43AAAAE24B7}"
EndProject
Project("{FAE04EC0-301F-11D3-BF4B-00C04F79EFBC}") = "Oculus.VR.Editor", "Oculus.VR.Editor.csproj", "{BD88979D-2386-770F-1C0E-4ED12CBBC8DB}"
EndProject
Project("{FAE04EC0-301F-11D3-BF4B-00C04F79EFBC}") = "Meta.Voice.Hub.Runtime", "Meta.Voice.Hub.Runtime.csproj", "{D40584BC-B64F-6FA4-1FD1-D570D7FCB843}"
EndProject
Project("{FAE04EC0-301F-11D3-BF4B-00C04F79EFBC}") = "Oculus.Interaction.OVR.Editor", "Oculus.Interaction.OVR.Editor.csproj", "{B8948226-D429-3829-AB2A-033E8C328C80}"
EndProject
Project("{FAE04EC0-301F-11D3-BF4B-00C04F79EFBC}") = "VoiceSDK.Dictation.Runtime", "VoiceSDK.Dictation.Runtime.csproj", "{42BDCF0C-AF32-34CC-D4E0-C2DE6C91336A}"
EndProject
Project("{FAE04EC0-301F-11D3-BF4B-00C04F79EFBC}") = "Oculus.LipSync", "Oculus.LipSync.csproj", "{D2A2FB0C-5BF7-5EB1-F56C-FEC0A84F0D44}"
EndProject
Project("{FAE04EC0-301F-11D3-BF4B-00C04F79EFBC}") = "Assembly-CSharp-Editor", "Assembly-CSharp-Editor.csproj", "{4C978BEA-14CE-4D6D-49D8-D09D96CC46B0}"
EndProject
Project("{FAE04EC0-301F-11D3-BF4B-00C04F79EFBC}") = "Oculus.Interaction.OVR", "Oculus.Interaction.OVR.csproj", "{146B115F-B8D8-0297-4A6A-6A88F8497555}"
EndProject
Project("{FAE04EC0-301F-11D3-BF4B-00C04F79EFBC}") = "Meta.Voice.Hub.Editor", "Meta.Voice.Hub.Editor.csproj", "{083A4119-F0DC-7F47-DE33-4E7AEC57CAF2}"
EndProject
Project("{FAE04EC0-301F-11D3-BF4B-00C04F79EFBC}") = "VoiceSDK.Editor", "VoiceSDK.Editor.csproj", "{C997C393-DE2C-DF54-7E50-12999745314E}"
EndProject
Project("{FAE04EC0-301F-11D3-BF4B-00C04F79EFBC}") = "Meta.WitAI.Lib.Editor", "Meta.WitAI.Lib.Editor.csproj", "{74A097FF-BD53-7F82-2B75-2D26A6B7C5B3}"
EndProject
Project("{FAE04EC0-301F-11D3-BF4B-00C04F79EFBC}") = "Oculus.Spatializer.Editor", "Oculus.Spatializer.Editor.csproj", "{6D00DE7F-EABF-F842-1DA0-50A95D20D242}"
EndProject
Project("{FAE04EC0-301F-11D3-BF4B-00C04F79EFBC}") = "AssistantCoreSDKRuntime", "AssistantCoreSDKRuntime.csproj", "{A0EA9C66-A113-7463-1032-DAAC05F3D5F0}"
EndProject
Project("{FAE04EC0-301F-11D3-BF4B-00C04F79EFBC}") = "Oculus.AudioManager", "Oculus.AudioManager.csproj", "{21ADFC52-A83B-14A1-334E-74CD9102A69D}"
EndProject
Project("{FAE04EC0-301F-11D3-BF4B-00C04F79EFBC}") = "VoiceSDK.Runtime", "VoiceSDK.Runtime.csproj", "{651911AF-2827-1792-3987-BB177D4E7704}"
EndProject
Project("{FAE04EC0-301F-11D3-BF4B-00C04F79EFBC}") = "Facebook.Wit.Dictation", "Facebook.Wit.Dictation.csproj", "{31B31266-A3D9-7504-1E67-569D6E2F2A8F}"
EndProject
Project("{FAE04EC0-301F-11D3-BF4B-00C04F79EFBC}") = "Meta.Voice.Samples.BuiltInTimer", "Meta.Voice.Samples.BuiltInTimer.csproj", "{1FE29ADC-1996-9324-7917-B7B2015E16E5}"
EndProject
Project("{FAE04EC0-301F-11D3-BF4B-00C04F79EFBC}") = "Oculus.Platform.Editor", "Oculus.Platform.Editor.csproj", "{BBB6D12E-820C-25DB-C25F-3DD6336C9D42}"
EndProject
Project("{FAE04EC0-301F-11D3-BF4B-00C04F79EFBC}") = "Meta.XR.BuildingBlocks.Editor", "Meta.XR.BuildingBlocks.Editor.csproj", "{872FB9FD-82CA-B110-BA8F-D0BC76171B29}"
EndProject
Project("{FAE04EC0-301F-11D3-BF4B-00C04F79EFBC}") = "Meta.Voice.Samples.TTSVoices", "Meta.Voice.Samples.TTSVoices.csproj", "{AE7872D6-720F-94AF-B63B-1C68C077102D}"
EndProject
Project("{FAE04EC0-301F-11D3-BF4B-00C04F79EFBC}") = "Meta.Voice.VSDKHub.Editor", "Meta.Voice.VSDKHub.Editor.csproj", "{F6804965-3DA2-CEC0-DBFF-BA5D0D80FC64}"
EndProject
Project("{FAE04EC0-301F-11D3-BF4B-00C04F79EFBC}") = "Meta.WitAi.TTS", "Meta.WitAi.TTS.csproj", "{B44E8120-6DF1-2A90-DA54-6BA95FA167BC}"
EndProject
Project("{FAE04EC0-301F-11D3-BF4B-00C04F79EFBC}") = "Oculus.AudioManager.Audio.Editor", "Oculus.AudioManager.Audio.Editor.csproj", "{B926B0F8-6A86-DC34-2747-E356688A7201}"
EndProject
Project("{FAE04EC0-301F-11D3-BF4B-00C04F79EFBC}") = "Meta.Voice.Samples.Chess", "Meta.Voice.Samples.Chess.csproj", "{D0DEDC79-2395-25F5-D3C3-6869760E3800}"
EndProject
Project("{FAE04EC0-301F-11D3-BF4B-00C04F79EFBC}") = "Oculus.VR.Scripts.Editor", "Oculus.VR.Scripts.Editor.csproj", "{FD0DA259-DB2A-1790-7196-17342F3923C5}"
EndProject
Project("{FAE04EC0-301F-11D3-BF4B-00C04F79EFBC}") = "Meta.Voice.Samples.LightTraits", "Meta.Voice.Samples.LightTraits.csproj", "{147655EB-982D-A929-B21F-DDEADFB1D1F5}"
EndProject
Project("{FAE04EC0-301F-11D3-BF4B-00C04F79EFBC}") = "Meta.Voice.Samples.Dictation", "Meta.Voice.Samples.Dictation.csproj", "{0A9F31DF-752A-E2AB-015D-46CD3DEE8E1E}"
EndProject
Project("{FAE04EC0-301F-11D3-BF4B-00C04F79EFBC}") = "Meta.Voice.Samples.Shapes", "Meta.Voice.Samples.Shapes.csproj", "{CE2BD63A-E03F-8CF0-D9F4-229BDB067D12}"
EndProject
Project("{FAE04EC0-301F-11D3-BF4B-00C04F79EFBC}") = "Oculus.Interaction.Samples.Editor", "Oculus.Interaction.Samples.Editor.csproj", "{BE8D4DC7-A1B9-58A1-4C84-DBAF76C25D09}"
EndProject
Project("{FAE04EC0-301F-11D3-BF4B-00C04F79EFBC}") = "Meta.WitAi.TTS.Editor", "Meta.WitAi.TTS.Editor.csproj", "{08608E11-0686-C6E0-F438-2279A820C22C}"
EndProject
Project("{FAE04EC0-301F-11D3-BF4B-00C04F79EFBC}") = "Meta.XR.BuildingBlocks", "Meta.XR.BuildingBlocks.csproj", "{EF6C7A23-5E06-B7C3-F914-B0705F49C179}"
EndProject
Project("{FAE04EC0-301F-11D3-BF4B-00C04F79EFBC}") = "Oculus.Spatializer", "Oculus.Spatializer.csproj", "{B7C17A65-DE4F-4867-6D74-4E6139AF00D4}"
EndProject
Project("{FAE04EC0-301F-11D3-BF4B-00C04F79EFBC}") = "Oculus.LipSync.Editor", "Oculus.LipSync.Editor.csproj", "{42C84BBE-211F-1101-89CB-87567ED37460}"
EndProject
Project("{FAE04EC0-301F-11D3-BF4B-00C04F79EFBC}") = "Oculus.AudioManager.Utils.Editor", "Oculus.AudioManager.Utils.Editor.csproj", "{D27E65B2-3994-75D5-30D5-AF09F8927798}"
EndProject
Project("{FAE04EC0-301F-11D3-BF4B-00C04F79EFBC}") = "Meta.VoiceSDK.Mic.Common", "Meta.VoiceSDK.Mic.Common.csproj", "{A4B15322-B2CF-394C-3A47-FDAD5965463D}"
EndProject
Project("{FAE04EC0-301F-11D3-BF4B-00C04F79EFBC}") = "VoiceSDK.Dictation.Editor", "VoiceSDK.Dictation.Editor.csproj", "{7AF11267-7C87-44C4-DC24-E2FDE7E087B5}"
EndProject
Project("{FAE04EC0-301F-11D3-BF4B-00C04F79EFBC}") = "Meta.VoiceSDK.Mic.Other", "Meta.VoiceSDK.Mic.Other.csproj", "{683ADDEB-61E2-831E-6F9E-F49557529549}"
EndProject
Project("{FAE04EC0-301F-11D3-BF4B-00C04F79EFBC}") = "AssistantCoreSDKEditor", "AssistantCoreSDKEditor.csproj", "{46DE92E3-7CE6-37EB-2D49-B2F44A36AE21}"
EndProject
Project("{FAE04EC0-301F-11D3-BF4B-00C04F79EFBC}") = "Oculus.Interaction.InterfaceSupport", "Oculus.Interaction.InterfaceSupport.csproj", "{64B55AC4-0606-743F-1D44-70B73BB7FFC3}"
EndProject
Project("{FAE04EC0-301F-11D3-BF4B-00C04F79EFBC}") = "Meta.Voice.Samples.LiveUnderstanding", "Meta.Voice.Samples.LiveUnderstanding.csproj", "{45DBA693-4109-6468-A44B-731CF8930B4F}"
EndProject
Project("{FAE04EC0-301F-11D3-BF4B-00C04F79EFBC}") = "Facebook.Wit.Dictation.Editor", "Facebook.Wit.Dictation.Editor.csproj", "{A52FC6FF-6FA5-ADCF-C917-2E9629FB4D41}"
EndProject
Project("{FAE04EC0-301F-11D3-BF4B-00C04F79EFBC}") = "Meta.VoiceSDK.Mic.WebGL", "Meta.VoiceSDK.Mic.WebGL.csproj", "{063CA297-B888-2D62-F806-DC295110A28D}"
EndProject
Global
	GlobalSection(SolutionConfigurationPlatforms) = preSolution
		Debug|Any CPU = Debug|Any CPU
		Release|Any CPU = Release|Any CPU
	EndGlobalSection
	GlobalSection(ProjectConfigurationPlatforms) = postSolution
		{70A46674-B722-08E3-C15B-6B2BC17323AA}.Debug|Any CPU.ActiveCfg = Debug|Any CPU
		{70A46674-B722-08E3-C15B-6B2BC17323AA}.Debug|Any CPU.Build.0 = Debug|Any CPU
		{70A46674-B722-08E3-C15B-6B2BC17323AA}.Release|Any CPU.ActiveCfg = Release|Any CPU
		{70A46674-B722-08E3-C15B-6B2BC17323AA}.Release|Any CPU.Build.0 = Release|Any CPU
		{CA23F4EE-AD41-2E5B-8C23-B05A4275C719}.Debug|Any CPU.ActiveCfg = Debug|Any CPU
		{CA23F4EE-AD41-2E5B-8C23-B05A4275C719}.Debug|Any CPU.Build.0 = Debug|Any CPU
		{CA23F4EE-AD41-2E5B-8C23-B05A4275C719}.Release|Any CPU.ActiveCfg = Release|Any CPU
		{CA23F4EE-AD41-2E5B-8C23-B05A4275C719}.Release|Any CPU.Build.0 = Release|Any CPU
		{876E87C3-6306-E3EA-08EC-CC414BC71ADA}.Debug|Any CPU.ActiveCfg = Debug|Any CPU
		{876E87C3-6306-E3EA-08EC-CC414BC71ADA}.Debug|Any CPU.Build.0 = Debug|Any CPU
		{876E87C3-6306-E3EA-08EC-CC414BC71ADA}.Release|Any CPU.ActiveCfg = Release|Any CPU
		{876E87C3-6306-E3EA-08EC-CC414BC71ADA}.Release|Any CPU.Build.0 = Release|Any CPU
		{3C7D7A45-EF8E-8879-ECDC-652324D0367E}.Debug|Any CPU.ActiveCfg = Debug|Any CPU
		{3C7D7A45-EF8E-8879-ECDC-652324D0367E}.Debug|Any CPU.Build.0 = Debug|Any CPU
		{3C7D7A45-EF8E-8879-ECDC-652324D0367E}.Release|Any CPU.ActiveCfg = Release|Any CPU
		{3C7D7A45-EF8E-8879-ECDC-652324D0367E}.Release|Any CPU.Build.0 = Release|Any CPU
		{513839AB-2826-82D9-097D-B18B6C497354}.Debug|Any CPU.ActiveCfg = Debug|Any CPU
		{513839AB-2826-82D9-097D-B18B6C497354}.Debug|Any CPU.Build.0 = Debug|Any CPU
		{513839AB-2826-82D9-097D-B18B6C497354}.Release|Any CPU.ActiveCfg = Release|Any CPU
		{513839AB-2826-82D9-097D-B18B6C497354}.Release|Any CPU.Build.0 = Release|Any CPU
		{BCB002E8-9E6F-DCDD-8EDF-A97CAA3F77A8}.Debug|Any CPU.ActiveCfg = Debug|Any CPU
		{BCB002E8-9E6F-DCDD-8EDF-A97CAA3F77A8}.Debug|Any CPU.Build.0 = Debug|Any CPU
		{BCB002E8-9E6F-DCDD-8EDF-A97CAA3F77A8}.Release|Any CPU.ActiveCfg = Release|Any CPU
		{BCB002E8-9E6F-DCDD-8EDF-A97CAA3F77A8}.Release|Any CPU.Build.0 = Release|Any CPU
		{32CA6BE0-06F0-3B17-3A24-C831F6F0F2A9}.Debug|Any CPU.ActiveCfg = Debug|Any CPU
		{32CA6BE0-06F0-3B17-3A24-C831F6F0F2A9}.Debug|Any CPU.Build.0 = Debug|Any CPU
		{32CA6BE0-06F0-3B17-3A24-C831F6F0F2A9}.Release|Any CPU.ActiveCfg = Release|Any CPU
		{32CA6BE0-06F0-3B17-3A24-C831F6F0F2A9}.Release|Any CPU.Build.0 = Release|Any CPU
		{EFE6CED1-DAD8-8AD2-04F8-AFA679312836}.Debug|Any CPU.ActiveCfg = Debug|Any CPU
		{EFE6CED1-DAD8-8AD2-04F8-AFA679312836}.Debug|Any CPU.Build.0 = Debug|Any CPU
		{EFE6CED1-DAD8-8AD2-04F8-AFA679312836}.Release|Any CPU.ActiveCfg = Release|Any CPU
		{EFE6CED1-DAD8-8AD2-04F8-AFA679312836}.Release|Any CPU.Build.0 = Release|Any CPU
		{85865213-4C9D-F276-6613-7EE865E643A7}.Debug|Any CPU.ActiveCfg = Debug|Any CPU
		{85865213-4C9D-F276-6613-7EE865E643A7}.Debug|Any CPU.Build.0 = Debug|Any CPU
		{85865213-4C9D-F276-6613-7EE865E643A7}.Release|Any CPU.ActiveCfg = Release|Any CPU
		{85865213-4C9D-F276-6613-7EE865E643A7}.Release|Any CPU.Build.0 = Release|Any CPU
		{4A05B13F-F41E-7812-B930-202DBED440A0}.Debug|Any CPU.ActiveCfg = Debug|Any CPU
		{4A05B13F-F41E-7812-B930-202DBED440A0}.Debug|Any CPU.Build.0 = Debug|Any CPU
		{4A05B13F-F41E-7812-B930-202DBED440A0}.Release|Any CPU.ActiveCfg = Release|Any CPU
		{4A05B13F-F41E-7812-B930-202DBED440A0}.Release|Any CPU.Build.0 = Release|Any CPU
		{936DE656-EF34-A2E6-DB63-8AC028F23313}.Debug|Any CPU.ActiveCfg = Debug|Any CPU
		{936DE656-EF34-A2E6-DB63-8AC028F23313}.Debug|Any CPU.Build.0 = Debug|Any CPU
		{936DE656-EF34-A2E6-DB63-8AC028F23313}.Release|Any CPU.ActiveCfg = Release|Any CPU
		{936DE656-EF34-A2E6-DB63-8AC028F23313}.Release|Any CPU.Build.0 = Release|Any CPU
		{EE9529BE-9803-D673-078A-CF925EA80555}.Debug|Any CPU.ActiveCfg = Debug|Any CPU
		{EE9529BE-9803-D673-078A-CF925EA80555}.Debug|Any CPU.Build.0 = Debug|Any CPU
		{EE9529BE-9803-D673-078A-CF925EA80555}.Release|Any CPU.ActiveCfg = Release|Any CPU
		{EE9529BE-9803-D673-078A-CF925EA80555}.Release|Any CPU.Build.0 = Release|Any CPU
		{9B06589D-6A39-8DF0-9BA3-F43AAAAE24B7}.Debug|Any CPU.ActiveCfg = Debug|Any CPU
		{9B06589D-6A39-8DF0-9BA3-F43AAAAE24B7}.Debug|Any CPU.Build.0 = Debug|Any CPU
		{9B06589D-6A39-8DF0-9BA3-F43AAAAE24B7}.Release|Any CPU.ActiveCfg = Release|Any CPU
		{9B06589D-6A39-8DF0-9BA3-F43AAAAE24B7}.Release|Any CPU.Build.0 = Release|Any CPU
		{BD88979D-2386-770F-1C0E-4ED12CBBC8DB}.Debug|Any CPU.ActiveCfg = Debug|Any CPU
		{BD88979D-2386-770F-1C0E-4ED12CBBC8DB}.Debug|Any CPU.Build.0 = Debug|Any CPU
		{BD88979D-2386-770F-1C0E-4ED12CBBC8DB}.Release|Any CPU.ActiveCfg = Release|Any CPU
		{BD88979D-2386-770F-1C0E-4ED12CBBC8DB}.Release|Any CPU.Build.0 = Release|Any CPU
		{D40584BC-B64F-6FA4-1FD1-D570D7FCB843}.Debug|Any CPU.ActiveCfg = Debug|Any CPU
		{D40584BC-B64F-6FA4-1FD1-D570D7FCB843}.Debug|Any CPU.Build.0 = Debug|Any CPU
		{D40584BC-B64F-6FA4-1FD1-D570D7FCB843}.Release|Any CPU.ActiveCfg = Release|Any CPU
		{D40584BC-B64F-6FA4-1FD1-D570D7FCB843}.Release|Any CPU.Build.0 = Release|Any CPU
		{B8948226-D429-3829-AB2A-033E8C328C80}.Debug|Any CPU.ActiveCfg = Debug|Any CPU
		{B8948226-D429-3829-AB2A-033E8C328C80}.Debug|Any CPU.Build.0 = Debug|Any CPU
		{B8948226-D429-3829-AB2A-033E8C328C80}.Release|Any CPU.ActiveCfg = Release|Any CPU
		{B8948226-D429-3829-AB2A-033E8C328C80}.Release|Any CPU.Build.0 = Release|Any CPU
		{42BDCF0C-AF32-34CC-D4E0-C2DE6C91336A}.Debug|Any CPU.ActiveCfg = Debug|Any CPU
		{42BDCF0C-AF32-34CC-D4E0-C2DE6C91336A}.Debug|Any CPU.Build.0 = Debug|Any CPU
		{42BDCF0C-AF32-34CC-D4E0-C2DE6C91336A}.Release|Any CPU.ActiveCfg = Release|Any CPU
		{42BDCF0C-AF32-34CC-D4E0-C2DE6C91336A}.Release|Any CPU.Build.0 = Release|Any CPU
		{D2A2FB0C-5BF7-5EB1-F56C-FEC0A84F0D44}.Debug|Any CPU.ActiveCfg = Debug|Any CPU
		{D2A2FB0C-5BF7-5EB1-F56C-FEC0A84F0D44}.Debug|Any CPU.Build.0 = Debug|Any CPU
		{D2A2FB0C-5BF7-5EB1-F56C-FEC0A84F0D44}.Release|Any CPU.ActiveCfg = Release|Any CPU
		{D2A2FB0C-5BF7-5EB1-F56C-FEC0A84F0D44}.Release|Any CPU.Build.0 = Release|Any CPU
		{4C978BEA-14CE-4D6D-49D8-D09D96CC46B0}.Debug|Any CPU.ActiveCfg = Debug|Any CPU
		{4C978BEA-14CE-4D6D-49D8-D09D96CC46B0}.Debug|Any CPU.Build.0 = Debug|Any CPU
		{4C978BEA-14CE-4D6D-49D8-D09D96CC46B0}.Release|Any CPU.ActiveCfg = Release|Any CPU
		{4C978BEA-14CE-4D6D-49D8-D09D96CC46B0}.Release|Any CPU.Build.0 = Release|Any CPU
		{146B115F-B8D8-0297-4A6A-6A88F8497555}.Debug|Any CPU.ActiveCfg = Debug|Any CPU
		{146B115F-B8D8-0297-4A6A-6A88F8497555}.Debug|Any CPU.Build.0 = Debug|Any CPU
		{146B115F-B8D8-0297-4A6A-6A88F8497555}.Release|Any CPU.ActiveCfg = Release|Any CPU
		{146B115F-B8D8-0297-4A6A-6A88F8497555}.Release|Any CPU.Build.0 = Release|Any CPU
		{083A4119-F0DC-7F47-DE33-4E7AEC57CAF2}.Debug|Any CPU.ActiveCfg = Debug|Any CPU
		{083A4119-F0DC-7F47-DE33-4E7AEC57CAF2}.Debug|Any CPU.Build.0 = Debug|Any CPU
		{083A4119-F0DC-7F47-DE33-4E7AEC57CAF2}.Release|Any CPU.ActiveCfg = Release|Any CPU
		{083A4119-F0DC-7F47-DE33-4E7AEC57CAF2}.Release|Any CPU.Build.0 = Release|Any CPU
		{C997C393-DE2C-DF54-7E50-12999745314E}.Debug|Any CPU.ActiveCfg = Debug|Any CPU
		{C997C393-DE2C-DF54-7E50-12999745314E}.Debug|Any CPU.Build.0 = Debug|Any CPU
		{C997C393-DE2C-DF54-7E50-12999745314E}.Release|Any CPU.ActiveCfg = Release|Any CPU
		{C997C393-DE2C-DF54-7E50-12999745314E}.Release|Any CPU.Build.0 = Release|Any CPU
		{74A097FF-BD53-7F82-2B75-2D26A6B7C5B3}.Debug|Any CPU.ActiveCfg = Debug|Any CPU
		{74A097FF-BD53-7F82-2B75-2D26A6B7C5B3}.Debug|Any CPU.Build.0 = Debug|Any CPU
		{74A097FF-BD53-7F82-2B75-2D26A6B7C5B3}.Release|Any CPU.ActiveCfg = Release|Any CPU
		{74A097FF-BD53-7F82-2B75-2D26A6B7C5B3}.Release|Any CPU.Build.0 = Release|Any CPU
		{6D00DE7F-EABF-F842-1DA0-50A95D20D242}.Debug|Any CPU.ActiveCfg = Debug|Any CPU
		{6D00DE7F-EABF-F842-1DA0-50A95D20D242}.Debug|Any CPU.Build.0 = Debug|Any CPU
		{6D00DE7F-EABF-F842-1DA0-50A95D20D242}.Release|Any CPU.ActiveCfg = Release|Any CPU
		{6D00DE7F-EABF-F842-1DA0-50A95D20D242}.Release|Any CPU.Build.0 = Release|Any CPU
		{A0EA9C66-A113-7463-1032-DAAC05F3D5F0}.Debug|Any CPU.ActiveCfg = Debug|Any CPU
		{A0EA9C66-A113-7463-1032-DAAC05F3D5F0}.Debug|Any CPU.Build.0 = Debug|Any CPU
		{A0EA9C66-A113-7463-1032-DAAC05F3D5F0}.Release|Any CPU.ActiveCfg = Release|Any CPU
		{A0EA9C66-A113-7463-1032-DAAC05F3D5F0}.Release|Any CPU.Build.0 = Release|Any CPU
		{21ADFC52-A83B-14A1-334E-74CD9102A69D}.Debug|Any CPU.ActiveCfg = Debug|Any CPU
		{21ADFC52-A83B-14A1-334E-74CD9102A69D}.Debug|Any CPU.Build.0 = Debug|Any CPU
		{21ADFC52-A83B-14A1-334E-74CD9102A69D}.Release|Any CPU.ActiveCfg = Release|Any CPU
		{21ADFC52-A83B-14A1-334E-74CD9102A69D}.Release|Any CPU.Build.0 = Release|Any CPU
		{651911AF-2827-1792-3987-BB177D4E7704}.Debug|Any CPU.ActiveCfg = Debug|Any CPU
		{651911AF-2827-1792-3987-BB177D4E7704}.Debug|Any CPU.Build.0 = Debug|Any CPU
		{651911AF-2827-1792-3987-BB177D4E7704}.Release|Any CPU.ActiveCfg = Release|Any CPU
		{651911AF-2827-1792-3987-BB177D4E7704}.Release|Any CPU.Build.0 = Release|Any CPU
		{31B31266-A3D9-7504-1E67-569D6E2F2A8F}.Debug|Any CPU.ActiveCfg = Debug|Any CPU
		{31B31266-A3D9-7504-1E67-569D6E2F2A8F}.Debug|Any CPU.Build.0 = Debug|Any CPU
		{31B31266-A3D9-7504-1E67-569D6E2F2A8F}.Release|Any CPU.ActiveCfg = Release|Any CPU
		{31B31266-A3D9-7504-1E67-569D6E2F2A8F}.Release|Any CPU.Build.0 = Release|Any CPU
		{1FE29ADC-1996-9324-7917-B7B2015E16E5}.Debug|Any CPU.ActiveCfg = Debug|Any CPU
		{1FE29ADC-1996-9324-7917-B7B2015E16E5}.Debug|Any CPU.Build.0 = Debug|Any CPU
		{1FE29ADC-1996-9324-7917-B7B2015E16E5}.Release|Any CPU.ActiveCfg = Release|Any CPU
		{1FE29ADC-1996-9324-7917-B7B2015E16E5}.Release|Any CPU.Build.0 = Release|Any CPU
		{BBB6D12E-820C-25DB-C25F-3DD6336C9D42}.Debug|Any CPU.ActiveCfg = Debug|Any CPU
		{BBB6D12E-820C-25DB-C25F-3DD6336C9D42}.Debug|Any CPU.Build.0 = Debug|Any CPU
		{BBB6D12E-820C-25DB-C25F-3DD6336C9D42}.Release|Any CPU.ActiveCfg = Release|Any CPU
		{BBB6D12E-820C-25DB-C25F-3DD6336C9D42}.Release|Any CPU.Build.0 = Release|Any CPU
		{872FB9FD-82CA-B110-BA8F-D0BC76171B29}.Debug|Any CPU.ActiveCfg = Debug|Any CPU
		{872FB9FD-82CA-B110-BA8F-D0BC76171B29}.Debug|Any CPU.Build.0 = Debug|Any CPU
		{872FB9FD-82CA-B110-BA8F-D0BC76171B29}.Release|Any CPU.ActiveCfg = Release|Any CPU
		{872FB9FD-82CA-B110-BA8F-D0BC76171B29}.Release|Any CPU.Build.0 = Release|Any CPU
		{AE7872D6-720F-94AF-B63B-1C68C077102D}.Debug|Any CPU.ActiveCfg = Debug|Any CPU
		{AE7872D6-720F-94AF-B63B-1C68C077102D}.Debug|Any CPU.Build.0 = Debug|Any CPU
		{AE7872D6-720F-94AF-B63B-1C68C077102D}.Release|Any CPU.ActiveCfg = Release|Any CPU
		{AE7872D6-720F-94AF-B63B-1C68C077102D}.Release|Any CPU.Build.0 = Release|Any CPU
		{F6804965-3DA2-CEC0-DBFF-BA5D0D80FC64}.Debug|Any CPU.ActiveCfg = Debug|Any CPU
		{F6804965-3DA2-CEC0-DBFF-BA5D0D80FC64}.Debug|Any CPU.Build.0 = Debug|Any CPU
		{F6804965-3DA2-CEC0-DBFF-BA5D0D80FC64}.Release|Any CPU.ActiveCfg = Release|Any CPU
		{F6804965-3DA2-CEC0-DBFF-BA5D0D80FC64}.Release|Any CPU.Build.0 = Release|Any CPU
		{B44E8120-6DF1-2A90-DA54-6BA95FA167BC}.Debug|Any CPU.ActiveCfg = Debug|Any CPU
		{B44E8120-6DF1-2A90-DA54-6BA95FA167BC}.Debug|Any CPU.Build.0 = Debug|Any CPU
		{B44E8120-6DF1-2A90-DA54-6BA95FA167BC}.Release|Any CPU.ActiveCfg = Release|Any CPU
		{B44E8120-6DF1-2A90-DA54-6BA95FA167BC}.Release|Any CPU.Build.0 = Release|Any CPU
		{B926B0F8-6A86-DC34-2747-E356688A7201}.Debug|Any CPU.ActiveCfg = Debug|Any CPU
		{B926B0F8-6A86-DC34-2747-E356688A7201}.Debug|Any CPU.Build.0 = Debug|Any CPU
		{B926B0F8-6A86-DC34-2747-E356688A7201}.Release|Any CPU.ActiveCfg = Release|Any CPU
		{B926B0F8-6A86-DC34-2747-E356688A7201}.Release|Any CPU.Build.0 = Release|Any CPU
		{D0DEDC79-2395-25F5-D3C3-6869760E3800}.Debug|Any CPU.ActiveCfg = Debug|Any CPU
		{D0DEDC79-2395-25F5-D3C3-6869760E3800}.Debug|Any CPU.Build.0 = Debug|Any CPU
		{D0DEDC79-2395-25F5-D3C3-6869760E3800}.Release|Any CPU.ActiveCfg = Release|Any CPU
		{D0DEDC79-2395-25F5-D3C3-6869760E3800}.Release|Any CPU.Build.0 = Release|Any CPU
		{FD0DA259-DB2A-1790-7196-17342F3923C5}.Debug|Any CPU.ActiveCfg = Debug|Any CPU
		{FD0DA259-DB2A-1790-7196-17342F3923C5}.Debug|Any CPU.Build.0 = Debug|Any CPU
		{FD0DA259-DB2A-1790-7196-17342F3923C5}.Release|Any CPU.ActiveCfg = Release|Any CPU
		{FD0DA259-DB2A-1790-7196-17342F3923C5}.Release|Any CPU.Build.0 = Release|Any CPU
		{147655EB-982D-A929-B21F-DDEADFB1D1F5}.Debug|Any CPU.ActiveCfg = Debug|Any CPU
		{147655EB-982D-A929-B21F-DDEADFB1D1F5}.Debug|Any CPU.Build.0 = Debug|Any CPU
		{147655EB-982D-A929-B21F-DDEADFB1D1F5}.Release|Any CPU.ActiveCfg = Release|Any CPU
		{147655EB-982D-A929-B21F-DDEADFB1D1F5}.Release|Any CPU.Build.0 = Release|Any CPU
		{0A9F31DF-752A-E2AB-015D-46CD3DEE8E1E}.Debug|Any CPU.ActiveCfg = Debug|Any CPU
		{0A9F31DF-752A-E2AB-015D-46CD3DEE8E1E}.Debug|Any CPU.Build.0 = Debug|Any CPU
		{0A9F31DF-752A-E2AB-015D-46CD3DEE8E1E}.Release|Any CPU.ActiveCfg = Release|Any CPU
		{0A9F31DF-752A-E2AB-015D-46CD3DEE8E1E}.Release|Any CPU.Build.0 = Release|Any CPU
		{CE2BD63A-E03F-8CF0-D9F4-229BDB067D12}.Debug|Any CPU.ActiveCfg = Debug|Any CPU
		{CE2BD63A-E03F-8CF0-D9F4-229BDB067D12}.Debug|Any CPU.Build.0 = Debug|Any CPU
		{CE2BD63A-E03F-8CF0-D9F4-229BDB067D12}.Release|Any CPU.ActiveCfg = Release|Any CPU
		{CE2BD63A-E03F-8CF0-D9F4-229BDB067D12}.Release|Any CPU.Build.0 = Release|Any CPU
		{BE8D4DC7-A1B9-58A1-4C84-DBAF76C25D09}.Debug|Any CPU.ActiveCfg = Debug|Any CPU
		{BE8D4DC7-A1B9-58A1-4C84-DBAF76C25D09}.Debug|Any CPU.Build.0 = Debug|Any CPU
		{BE8D4DC7-A1B9-58A1-4C84-DBAF76C25D09}.Release|Any CPU.ActiveCfg = Release|Any CPU
		{BE8D4DC7-A1B9-58A1-4C84-DBAF76C25D09}.Release|Any CPU.Build.0 = Release|Any CPU
		{08608E11-0686-C6E0-F438-2279A820C22C}.Debug|Any CPU.ActiveCfg = Debug|Any CPU
		{08608E11-0686-C6E0-F438-2279A820C22C}.Debug|Any CPU.Build.0 = Debug|Any CPU
		{08608E11-0686-C6E0-F438-2279A820C22C}.Release|Any CPU.ActiveCfg = Release|Any CPU
		{08608E11-0686-C6E0-F438-2279A820C22C}.Release|Any CPU.Build.0 = Release|Any CPU
		{EF6C7A23-5E06-B7C3-F914-B0705F49C179}.Debug|Any CPU.ActiveCfg = Debug|Any CPU
		{EF6C7A23-5E06-B7C3-F914-B0705F49C179}.Debug|Any CPU.Build.0 = Debug|Any CPU
		{EF6C7A23-5E06-B7C3-F914-B0705F49C179}.Release|Any CPU.ActiveCfg = Release|Any CPU
		{EF6C7A23-5E06-B7C3-F914-B0705F49C179}.Release|Any CPU.Build.0 = Release|Any CPU
		{B7C17A65-DE4F-4867-6D74-4E6139AF00D4}.Debug|Any CPU.ActiveCfg = Debug|Any CPU
		{B7C17A65-DE4F-4867-6D74-4E6139AF00D4}.Debug|Any CPU.Build.0 = Debug|Any CPU
		{B7C17A65-DE4F-4867-6D74-4E6139AF00D4}.Release|Any CPU.ActiveCfg = Release|Any CPU
		{B7C17A65-DE4F-4867-6D74-4E6139AF00D4}.Release|Any CPU.Build.0 = Release|Any CPU
		{42C84BBE-211F-1101-89CB-87567ED37460}.Debug|Any CPU.ActiveCfg = Debug|Any CPU
		{42C84BBE-211F-1101-89CB-87567ED37460}.Debug|Any CPU.Build.0 = Debug|Any CPU
		{42C84BBE-211F-1101-89CB-87567ED37460}.Release|Any CPU.ActiveCfg = Release|Any CPU
		{42C84BBE-211F-1101-89CB-87567ED37460}.Release|Any CPU.Build.0 = Release|Any CPU
		{D27E65B2-3994-75D5-30D5-AF09F8927798}.Debug|Any CPU.ActiveCfg = Debug|Any CPU
		{D27E65B2-3994-75D5-30D5-AF09F8927798}.Debug|Any CPU.Build.0 = Debug|Any CPU
		{D27E65B2-3994-75D5-30D5-AF09F8927798}.Release|Any CPU.ActiveCfg = Release|Any CPU
		{D27E65B2-3994-75D5-30D5-AF09F8927798}.Release|Any CPU.Build.0 = Release|Any CPU
		{A4B15322-B2CF-394C-3A47-FDAD5965463D}.Debug|Any CPU.ActiveCfg = Debug|Any CPU
		{A4B15322-B2CF-394C-3A47-FDAD5965463D}.Debug|Any CPU.Build.0 = Debug|Any CPU
		{A4B15322-B2CF-394C-3A47-FDAD5965463D}.Release|Any CPU.ActiveCfg = Release|Any CPU
		{A4B15322-B2CF-394C-3A47-FDAD5965463D}.Release|Any CPU.Build.0 = Release|Any CPU
		{7AF11267-7C87-44C4-DC24-E2FDE7E087B5}.Debug|Any CPU.ActiveCfg = Debug|Any CPU
		{7AF11267-7C87-44C4-DC24-E2FDE7E087B5}.Debug|Any CPU.Build.0 = Debug|Any CPU
		{7AF11267-7C87-44C4-DC24-E2FDE7E087B5}.Release|Any CPU.ActiveCfg = Release|Any CPU
		{7AF11267-7C87-44C4-DC24-E2FDE7E087B5}.Release|Any CPU.Build.0 = Release|Any CPU
		{683ADDEB-61E2-831E-6F9E-F49557529549}.Debug|Any CPU.ActiveCfg = Debug|Any CPU
		{683ADDEB-61E2-831E-6F9E-F49557529549}.Debug|Any CPU.Build.0 = Debug|Any CPU
		{683ADDEB-61E2-831E-6F9E-F49557529549}.Release|Any CPU.ActiveCfg = Release|Any CPU
		{683ADDEB-61E2-831E-6F9E-F49557529549}.Release|Any CPU.Build.0 = Release|Any CPU
		{46DE92E3-7CE6-37EB-2D49-B2F44A36AE21}.Debug|Any CPU.ActiveCfg = Debug|Any CPU
		{46DE92E3-7CE6-37EB-2D49-B2F44A36AE21}.Debug|Any CPU.Build.0 = Debug|Any CPU
		{46DE92E3-7CE6-37EB-2D49-B2F44A36AE21}.Release|Any CPU.ActiveCfg = Release|Any CPU
		{46DE92E3-7CE6-37EB-2D49-B2F44A36AE21}.Release|Any CPU.Build.0 = Release|Any CPU
		{64B55AC4-0606-743F-1D44-70B73BB7FFC3}.Debug|Any CPU.ActiveCfg = Debug|Any CPU
		{64B55AC4-0606-743F-1D44-70B73BB7FFC3}.Debug|Any CPU.Build.0 = Debug|Any CPU
		{64B55AC4-0606-743F-1D44-70B73BB7FFC3}.Release|Any CPU.ActiveCfg = Release|Any CPU
		{64B55AC4-0606-743F-1D44-70B73BB7FFC3}.Release|Any CPU.Build.0 = Release|Any CPU
		{45DBA693-4109-6468-A44B-731CF8930B4F}.Debug|Any CPU.ActiveCfg = Debug|Any CPU
		{45DBA693-4109-6468-A44B-731CF8930B4F}.Debug|Any CPU.Build.0 = Debug|Any CPU
		{45DBA693-4109-6468-A44B-731CF8930B4F}.Release|Any CPU.ActiveCfg = Release|Any CPU
		{45DBA693-4109-6468-A44B-731CF8930B4F}.Release|Any CPU.Build.0 = Release|Any CPU
		{A52FC6FF-6FA5-ADCF-C917-2E9629FB4D41}.Debug|Any CPU.ActiveCfg = Debug|Any CPU
		{A52FC6FF-6FA5-ADCF-C917-2E9629FB4D41}.Debug|Any CPU.Build.0 = Debug|Any CPU
		{A52FC6FF-6FA5-ADCF-C917-2E9629FB4D41}.Release|Any CPU.ActiveCfg = Release|Any CPU
		{A52FC6FF-6FA5-ADCF-C917-2E9629FB4D41}.Release|Any CPU.Build.0 = Release|Any CPU
		{063CA297-B888-2D62-F806-DC295110A28D}.Debug|Any CPU.ActiveCfg = Debug|Any CPU
		{063CA297-B888-2D62-F806-DC295110A28D}.Debug|Any CPU.Build.0 = Debug|Any CPU
		{063CA297-B888-2D62-F806-DC295110A28D}.Release|Any CPU.ActiveCfg = Release|Any CPU
		{063CA297-B888-2D62-F806-DC295110A28D}.Release|Any CPU.Build.0 = Release|Any CPU
	EndGlobalSection
	GlobalSection(SolutionProperties) = preSolution
		HideSolutionNode = FALSE
	EndGlobalSection
EndGlobal
