
Microsoft Visual Studio Solution File, Format Version 11.00
# Visual Studio 2010
Project("{FAE04EC0-301F-11D3-BF4B-00C04F79EFBC}") = "Oculus.Interaction.Editor", "Oculus.Interaction.Editor.csproj", "{6db0ebba-fb11-218c-e509-84580e52bc6e}"
EndProject
Project("{FAE04EC0-301F-11D3-BF4B-00C04F79EFBC}") = "Meta.WitAi.Conduit", "Meta.WitAi.Conduit.csproj", "{8dca1545-b0e9-c84c-13fe-0025d574e21d}"
EndProject
Project("{FAE04EC0-301F-11D3-BF4B-00C04F79EFBC}") = "Oculus.VR", "Oculus.VR.csproj", "{4f9ab233-9af5-09a7-2ba5-ddc7b292e1ac}"
EndProject
Project("{FAE04EC0-301F-11D3-BF4B-00C04F79EFBC}") = "Oculus.Interaction", "Oculus.Interaction.csproj", "{85e086ef-f09c-8597-737b-b0765f92832b}"
EndProject
Project("{FAE04EC0-301F-11D3-BF4B-00C04F79EFBC}") = "Meta.Voice.Samples.ShapesConduit", "Meta.Voice.Samples.ShapesConduit.csproj", "{14299fe0-4d5b-aeb0-8585-edc4f3868626}"
EndProject
Project("{FAE04EC0-301F-11D3-BF4B-00C04F79EFBC}") = "Assembly-CSharp", "Assembly-CSharp.csproj", "{3a7c5473-8ded-7737-7cea-9684d225ae43}"
EndProject
Project("{FAE04EC0-301F-11D3-BF4B-00C04F79EFBC}") = "Meta.WitAi.Editor", "Meta.WitAi.Editor.csproj", "{99e9f78f-5df7-6628-c66e-2bbf6ab9f678}"
EndProject
Project("{FAE04EC0-301F-11D3-BF4B-00C04F79EFBC}") = "Oculus.Platform", "Oculus.Platform.csproj", "{52707d8f-6eaf-a4dc-326c-07efda6a70dd}"
EndProject
Project("{FAE04EC0-301F-11D3-BF4B-00C04F79EFBC}") = "VoiceSDK.Telemetry", "VoiceSDK.Telemetry.csproj", "{df204697-1e51-b78f-5863-c3c2f06b0e7a}"
EndProject
Project("{FAE04EC0-301F-11D3-BF4B-00C04F79EFBC}") = "Meta.WitAi.Conduit.Editor", "Meta.WitAi.Conduit.Editor.csproj", "{4c8b9be1-4ea7-8a23-be5a-4ba780866de0}"
EndProject
Project("{FAE04EC0-301F-11D3-BF4B-00C04F79EFBC}") = "Meta.WitAi", "Meta.WitAi.csproj", "{14e93d0a-90e9-fd00-1f99-7e62e40bba84}"
EndProject
Project("{FAE04EC0-301F-11D3-BF4B-00C04F79EFBC}") = "Oculus.Interaction.OVR.Samples", "Oculus.Interaction.OVR.Samples.csproj", "{4c84045c-6360-26ce-87f6-108a521f9645}"
EndProject
Project("{FAE04EC0-301F-11D3-BF4B-00C04F79EFBC}") = "Meta.WitAi.Lib", "Meta.WitAi.Lib.csproj", "{976f7793-60cc-9c90-e2d5-a3600f3fac7f}"
EndProject
Project("{FAE04EC0-301F-11D3-BF4B-00C04F79EFBC}") = "Oculus.VR.Editor", "Oculus.VR.Editor.csproj", "{32cc76c2-d319-c24a-7d13-2aface189ec2}"
EndProject
Project("{FAE04EC0-301F-11D3-BF4B-00C04F79EFBC}") = "Meta.Voice.Hub.Runtime", "Meta.Voice.Hub.Runtime.csproj", "{6a181e79-5f97-6076-526d-311d805760cc}"
EndProject
Project("{FAE04EC0-301F-11D3-BF4B-00C04F79EFBC}") = "Oculus.Interaction.OVR.Editor", "Oculus.Interaction.OVR.Editor.csproj", "{f7c14ece-d339-d9cd-e268-11d4ba5f9cce}"
EndProject
Project("{FAE04EC0-301F-11D3-BF4B-00C04F79EFBC}") = "VoiceSDK.Dictation.Runtime", "VoiceSDK.Dictation.Runtime.csproj", "{d5852e20-f3f7-2747-5fca-4936b92df380}"
EndProject
Project("{FAE04EC0-301F-11D3-BF4B-00C04F79EFBC}") = "Oculus.LipSync", "Oculus.LipSync.csproj", "{61f0e1f0-0197-1338-ba97-da0fa904a338}"
EndProject
Project("{FAE04EC0-301F-11D3-BF4B-00C04F79EFBC}") = "Assembly-CSharp-Editor", "Assembly-CSharp-Editor.csproj", "{fbec9c4c-2812-427b-7f12-1d6bd34ba302}"
EndProject
Project("{FAE04EC0-301F-11D3-BF4B-00C04F79EFBC}") = "Oculus.Interaction.OVR", "Oculus.Interaction.OVR.csproj", "{c1fff83c-ffd3-31b2-ff8c-4d1d715abd8a}"
EndProject
Project("{FAE04EC0-301F-11D3-BF4B-00C04F79EFBC}") = "Meta.Voice.Hub.Editor", "Meta.Voice.Hub.Editor.csproj", "{9e61f5ef-d791-f8ce-eca7-862403f211c0}"
EndProject
Project("{FAE04EC0-301F-11D3-BF4B-00C04F79EFBC}") = "VoiceSDK.Editor", "VoiceSDK.Editor.csproj", "{28004b85-ee64-6785-c3d8-5b68809763ef}"
EndProject
Project("{FAE04EC0-301F-11D3-BF4B-00C04F79EFBC}") = "Meta.WitAI.Lib.Editor", "Meta.WitAI.Lib.Editor.csproj", "{51112ba2-16a1-5818-612b-984a72430af6}"
EndProject
Project("{FAE04EC0-301F-11D3-BF4B-00C04F79EFBC}") = "Oculus.Spatializer.Editor", "Oculus.Spatializer.Editor.csproj", "{7397f5a2-9010-2b33-43bd-87762b54ff03}"
EndProject
Project("{FAE04EC0-301F-11D3-BF4B-00C04F79EFBC}") = "AssistantCoreSDKRuntime", "AssistantCoreSDKRuntime.csproj", "{0e052711-62bd-bdb4-6109-10e799e392ba}"
EndProject
Project("{FAE04EC0-301F-11D3-BF4B-00C04F79EFBC}") = "Oculus.AudioManager", "Oculus.AudioManager.csproj", "{539fde15-600b-7ef0-45fb-648b8c964109}"
EndProject
Project("{FAE04EC0-301F-11D3-BF4B-00C04F79EFBC}") = "VoiceSDK.Runtime", "VoiceSDK.Runtime.csproj", "{3685969c-0d97-7a3c-5baa-02a8cd35b795}"
EndProject
Project("{FAE04EC0-301F-11D3-BF4B-00C04F79EFBC}") = "Facebook.Wit.Dictation", "Facebook.Wit.Dictation.csproj", "{a6e4243f-8a9c-cf43-87fc-aa857a6dc539}"
EndProject
Project("{FAE04EC0-301F-11D3-BF4B-00C04F79EFBC}") = "Meta.Voice.Samples.BuiltInTimer", "Meta.Voice.Samples.BuiltInTimer.csproj", "{16ec56f5-d1ab-5be2-fd5b-07c027b75c19}"
EndProject
Project("{FAE04EC0-301F-11D3-BF4B-00C04F79EFBC}") = "Oculus.Platform.Editor", "Oculus.Platform.Editor.csproj", "{464abab2-fb89-8b71-fe68-8478cd4858c0}"
EndProject
Project("{FAE04EC0-301F-11D3-BF4B-00C04F79EFBC}") = "Meta.XR.BuildingBlocks.Editor", "Meta.XR.BuildingBlocks.Editor.csproj", "{a6a1964e-29af-c92f-4e5e-012f83789987}"
EndProject
Project("{FAE04EC0-301F-11D3-BF4B-00C04F79EFBC}") = "Meta.Voice.Samples.TTSVoices", "Meta.Voice.Samples.TTSVoices.csproj", "{fea4ec4e-6b36-42e5-099b-df6f8cc0d80c}"
EndProject
Project("{FAE04EC0-301F-11D3-BF4B-00C04F79EFBC}") = "Meta.Voice.VSDKHub.Editor", "Meta.Voice.VSDKHub.Editor.csproj", "{b35f43dc-0d9b-b67f-9222-feea5ba4ba62}"
EndProject
Project("{FAE04EC0-301F-11D3-BF4B-00C04F79EFBC}") = "Meta.WitAi.TTS", "Meta.WitAi.TTS.csproj", "{5cfcb9db-7e07-e2cd-605b-7e8686511e0c}"
EndProject
Project("{FAE04EC0-301F-11D3-BF4B-00C04F79EFBC}") = "Oculus.AudioManager.Audio.Editor", "Oculus.AudioManager.Audio.Editor.csproj", "{87e6e452-2768-bc05-c887-ba5c8ee80a78}"
EndProject
Project("{FAE04EC0-301F-11D3-BF4B-00C04F79EFBC}") = "Meta.Voice.Samples.Chess", "Meta.Voice.Samples.Chess.csproj", "{6ab291dc-0a88-3fe5-07bb-7e069aa374f4}"
EndProject
Project("{FAE04EC0-301F-11D3-BF4B-00C04F79EFBC}") = "Oculus.VR.Scripts.Editor", "Oculus.VR.Scripts.Editor.csproj", "{52b5c65c-3e79-48f5-2b3c-9dd4eaa28975}"
EndProject
Project("{FAE04EC0-301F-11D3-BF4B-00C04F79EFBC}") = "Meta.Voice.Samples.LightTraits", "Meta.Voice.Samples.LightTraits.csproj", "{d158f35c-16cd-2092-892c-33430e4c306b}"
EndProject
Project("{FAE04EC0-301F-11D3-BF4B-00C04F79EFBC}") = "Meta.Voice.Samples.Dictation", "Meta.Voice.Samples.Dictation.csproj", "{7f804cae-f054-d4fe-f53f-6c4eed3cffe2}"
EndProject
Project("{FAE04EC0-301F-11D3-BF4B-00C04F79EFBC}") = "Meta.Voice.Samples.Shapes", "Meta.Voice.Samples.Shapes.csproj", "{df7187c1-8855-89de-a984-7a38b993941d}"
EndProject
Project("{FAE04EC0-301F-11D3-BF4B-00C04F79EFBC}") = "Oculus.Interaction.Samples.Editor", "Oculus.Interaction.Samples.Editor.csproj", "{f13b138e-d5bf-c20e-7490-ea69c40c7c69}"
EndProject
Project("{FAE04EC0-301F-11D3-BF4B-00C04F79EFBC}") = "Meta.WitAi.TTS.Editor", "Meta.WitAi.TTS.Editor.csproj", "{015bf031-71a8-7698-599a-9c46973c355d}"
EndProject
Project("{FAE04EC0-301F-11D3-BF4B-00C04F79EFBC}") = "Meta.XR.BuildingBlocks", "Meta.XR.BuildingBlocks.csproj", "{85d4691c-5f33-8361-35df-2576e853ab28}"
EndProject
Project("{FAE04EC0-301F-11D3-BF4B-00C04F79EFBC}") = "Oculus.Spatializer", "Oculus.Spatializer.csproj", "{42c889ef-a95c-4c4c-2d38-5a4d08a87883}"
EndProject
Project("{FAE04EC0-301F-11D3-BF4B-00C04F79EFBC}") = "Oculus.LipSync.Editor", "Oculus.LipSync.Editor.csproj", "{3af1cd58-5fd7-f8b1-f15c-118f7c8b865b}"
EndProject
Project("{FAE04EC0-301F-11D3-BF4B-00C04F79EFBC}") = "Oculus.AudioManager.Utils.Editor", "Oculus.AudioManager.Utils.Editor.csproj", "{cf9d0880-6220-bccc-7a56-aaf88cf9d6e3}"
EndProject
Project("{FAE04EC0-301F-11D3-BF4B-00C04F79EFBC}") = "Meta.VoiceSDK.Mic.Common", "Meta.VoiceSDK.Mic.Common.csproj", "{5ee4bac4-cd13-b6f6-175b-5184e5cbe7a3}"
EndProject
Project("{FAE04EC0-301F-11D3-BF4B-00C04F79EFBC}") = "VoiceSDK.Dictation.Editor", "VoiceSDK.Dictation.Editor.csproj", "{5a2cda5d-e8cc-d15e-79fe-2c78bfdfb68a}"
EndProject
Project("{FAE04EC0-301F-11D3-BF4B-00C04F79EFBC}") = "Meta.VoiceSDK.Mic.Other", "Meta.VoiceSDK.Mic.Other.csproj", "{58b006f7-3d39-912d-64f8-a735800f829f}"
EndProject
Project("{FAE04EC0-301F-11D3-BF4B-00C04F79EFBC}") = "AssistantCoreSDKEditor", "AssistantCoreSDKEditor.csproj", "{ddb4f66f-4c0a-ab0f-c1ba-18a5e0a07d49}"
EndProject
Project("{FAE04EC0-301F-11D3-BF4B-00C04F79EFBC}") = "Oculus.Interaction.InterfaceSupport", "Oculus.Interaction.InterfaceSupport.csproj", "{af45eb18-6086-ad85-c0ec-748c30aa3a79}"
EndProject
Project("{FAE04EC0-301F-11D3-BF4B-00C04F79EFBC}") = "Meta.Voice.Samples.LiveUnderstanding", "Meta.Voice.Samples.LiveUnderstanding.csproj", "{acba7438-96ed-132c-b4d1-dce2f2082523}"
EndProject
Project("{FAE04EC0-301F-11D3-BF4B-00C04F79EFBC}") = "Facebook.Wit.Dictation.Editor", "Facebook.Wit.Dictation.Editor.csproj", "{9ff1cc09-72f9-6b81-289f-e2aad9020648}"
EndProject
Project("{FAE04EC0-301F-11D3-BF4B-00C04F79EFBC}") = "Meta.VoiceSDK.Mic.WebGL", "Meta.VoiceSDK.Mic.WebGL.csproj", "{25115b2c-f9d6-41c3-1a3f-5c17b06a167b}"
EndProject
Global
	GlobalSection(SolutionConfigurationPlatforms) = preSolution
		Debug|Any CPU = Debug|Any CPU
	EndGlobalSection
	GlobalSection(ProjectConfigurationPlatforms) = postSolution
		{6db0ebba-fb11-218c-e509-84580e52bc6e}.Debug|Any CPU.ActiveCfg = Debug|Any CPU
		{6db0ebba-fb11-218c-e509-84580e52bc6e}.Debug|Any CPU.Build.0 = Debug|Any CPU
		{8dca1545-b0e9-c84c-13fe-0025d574e21d}.Debug|Any CPU.ActiveCfg = Debug|Any CPU
		{8dca1545-b0e9-c84c-13fe-0025d574e21d}.Debug|Any CPU.Build.0 = Debug|Any CPU
		{4f9ab233-9af5-09a7-2ba5-ddc7b292e1ac}.Debug|Any CPU.ActiveCfg = Debug|Any CPU
		{4f9ab233-9af5-09a7-2ba5-ddc7b292e1ac}.Debug|Any CPU.Build.0 = Debug|Any CPU
		{85e086ef-f09c-8597-737b-b0765f92832b}.Debug|Any CPU.ActiveCfg = Debug|Any CPU
		{85e086ef-f09c-8597-737b-b0765f92832b}.Debug|Any CPU.Build.0 = Debug|Any CPU
		{14299fe0-4d5b-aeb0-8585-edc4f3868626}.Debug|Any CPU.ActiveCfg = Debug|Any CPU
		{14299fe0-4d5b-aeb0-8585-edc4f3868626}.Debug|Any CPU.Build.0 = Debug|Any CPU
		{3a7c5473-8ded-7737-7cea-9684d225ae43}.Debug|Any CPU.ActiveCfg = Debug|Any CPU
		{3a7c5473-8ded-7737-7cea-9684d225ae43}.Debug|Any CPU.Build.0 = Debug|Any CPU
		{99e9f78f-5df7-6628-c66e-2bbf6ab9f678}.Debug|Any CPU.ActiveCfg = Debug|Any CPU
		{99e9f78f-5df7-6628-c66e-2bbf6ab9f678}.Debug|Any CPU.Build.0 = Debug|Any CPU
		{52707d8f-6eaf-a4dc-326c-07efda6a70dd}.Debug|Any CPU.ActiveCfg = Debug|Any CPU
		{52707d8f-6eaf-a4dc-326c-07efda6a70dd}.Debug|Any CPU.Build.0 = Debug|Any CPU
		{df204697-1e51-b78f-5863-c3c2f06b0e7a}.Debug|Any CPU.ActiveCfg = Debug|Any CPU
		{df204697-1e51-b78f-5863-c3c2f06b0e7a}.Debug|Any CPU.Build.0 = Debug|Any CPU
		{4c8b9be1-4ea7-8a23-be5a-4ba780866de0}.Debug|Any CPU.ActiveCfg = Debug|Any CPU
		{4c8b9be1-4ea7-8a23-be5a-4ba780866de0}.Debug|Any CPU.Build.0 = Debug|Any CPU
		{14e93d0a-90e9-fd00-1f99-7e62e40bba84}.Debug|Any CPU.ActiveCfg = Debug|Any CPU
		{14e93d0a-90e9-fd00-1f99-7e62e40bba84}.Debug|Any CPU.Build.0 = Debug|Any CPU
		{4c84045c-6360-26ce-87f6-108a521f9645}.Debug|Any CPU.ActiveCfg = Debug|Any CPU
		{4c84045c-6360-26ce-87f6-108a521f9645}.Debug|Any CPU.Build.0 = Debug|Any CPU
		{976f7793-60cc-9c90-e2d5-a3600f3fac7f}.Debug|Any CPU.ActiveCfg = Debug|Any CPU
		{976f7793-60cc-9c90-e2d5-a3600f3fac7f}.Debug|Any CPU.Build.0 = Debug|Any CPU
		{32cc76c2-d319-c24a-7d13-2aface189ec2}.Debug|Any CPU.ActiveCfg = Debug|Any CPU
		{32cc76c2-d319-c24a-7d13-2aface189ec2}.Debug|Any CPU.Build.0 = Debug|Any CPU
		{6a181e79-5f97-6076-526d-311d805760cc}.Debug|Any CPU.ActiveCfg = Debug|Any CPU
		{6a181e79-5f97-6076-526d-311d805760cc}.Debug|Any CPU.Build.0 = Debug|Any CPU
		{f7c14ece-d339-d9cd-e268-11d4ba5f9cce}.Debug|Any CPU.ActiveCfg = Debug|Any CPU
		{f7c14ece-d339-d9cd-e268-11d4ba5f9cce}.Debug|Any CPU.Build.0 = Debug|Any CPU
		{d5852e20-f3f7-2747-5fca-4936b92df380}.Debug|Any CPU.ActiveCfg = Debug|Any CPU
		{d5852e20-f3f7-2747-5fca-4936b92df380}.Debug|Any CPU.Build.0 = Debug|Any CPU
		{61f0e1f0-0197-1338-ba97-da0fa904a338}.Debug|Any CPU.ActiveCfg = Debug|Any CPU
		{61f0e1f0-0197-1338-ba97-da0fa904a338}.Debug|Any CPU.Build.0 = Debug|Any CPU
		{fbec9c4c-2812-427b-7f12-1d6bd34ba302}.Debug|Any CPU.ActiveCfg = Debug|Any CPU
		{fbec9c4c-2812-427b-7f12-1d6bd34ba302}.Debug|Any CPU.Build.0 = Debug|Any CPU
		{c1fff83c-ffd3-31b2-ff8c-4d1d715abd8a}.Debug|Any CPU.ActiveCfg = Debug|Any CPU
		{c1fff83c-ffd3-31b2-ff8c-4d1d715abd8a}.Debug|Any CPU.Build.0 = Debug|Any CPU
		{9e61f5ef-d791-f8ce-eca7-862403f211c0}.Debug|Any CPU.ActiveCfg = Debug|Any CPU
		{9e61f5ef-d791-f8ce-eca7-862403f211c0}.Debug|Any CPU.Build.0 = Debug|Any CPU
		{28004b85-ee64-6785-c3d8-5b68809763ef}.Debug|Any CPU.ActiveCfg = Debug|Any CPU
		{28004b85-ee64-6785-c3d8-5b68809763ef}.Debug|Any CPU.Build.0 = Debug|Any CPU
		{51112ba2-16a1-5818-612b-984a72430af6}.Debug|Any CPU.ActiveCfg = Debug|Any CPU
		{51112ba2-16a1-5818-612b-984a72430af6}.Debug|Any CPU.Build.0 = Debug|Any CPU
		{7397f5a2-9010-2b33-43bd-87762b54ff03}.Debug|Any CPU.ActiveCfg = Debug|Any CPU
		{7397f5a2-9010-2b33-43bd-87762b54ff03}.Debug|Any CPU.Build.0 = Debug|Any CPU
		{0e052711-62bd-bdb4-6109-10e799e392ba}.Debug|Any CPU.ActiveCfg = Debug|Any CPU
		{0e052711-62bd-bdb4-6109-10e799e392ba}.Debug|Any CPU.Build.0 = Debug|Any CPU
		{539fde15-600b-7ef0-45fb-648b8c964109}.Debug|Any CPU.ActiveCfg = Debug|Any CPU
		{539fde15-600b-7ef0-45fb-648b8c964109}.Debug|Any CPU.Build.0 = Debug|Any CPU
		{3685969c-0d97-7a3c-5baa-02a8cd35b795}.Debug|Any CPU.ActiveCfg = Debug|Any CPU
		{3685969c-0d97-7a3c-5baa-02a8cd35b795}.Debug|Any CPU.Build.0 = Debug|Any CPU
		{a6e4243f-8a9c-cf43-87fc-aa857a6dc539}.Debug|Any CPU.ActiveCfg = Debug|Any CPU
		{a6e4243f-8a9c-cf43-87fc-aa857a6dc539}.Debug|Any CPU.Build.0 = Debug|Any CPU
		{16ec56f5-d1ab-5be2-fd5b-07c027b75c19}.Debug|Any CPU.ActiveCfg = Debug|Any CPU
		{16ec56f5-d1ab-5be2-fd5b-07c027b75c19}.Debug|Any CPU.Build.0 = Debug|Any CPU
		{464abab2-fb89-8b71-fe68-8478cd4858c0}.Debug|Any CPU.ActiveCfg = Debug|Any CPU
		{464abab2-fb89-8b71-fe68-8478cd4858c0}.Debug|Any CPU.Build.0 = Debug|Any CPU
		{a6a1964e-29af-c92f-4e5e-012f83789987}.Debug|Any CPU.ActiveCfg = Debug|Any CPU
		{a6a1964e-29af-c92f-4e5e-012f83789987}.Debug|Any CPU.Build.0 = Debug|Any CPU
		{fea4ec4e-6b36-42e5-099b-df6f8cc0d80c}.Debug|Any CPU.ActiveCfg = Debug|Any CPU
		{fea4ec4e-6b36-42e5-099b-df6f8cc0d80c}.Debug|Any CPU.Build.0 = Debug|Any CPU
		{b35f43dc-0d9b-b67f-9222-feea5ba4ba62}.Debug|Any CPU.ActiveCfg = Debug|Any CPU
		{b35f43dc-0d9b-b67f-9222-feea5ba4ba62}.Debug|Any CPU.Build.0 = Debug|Any CPU
		{5cfcb9db-7e07-e2cd-605b-7e8686511e0c}.Debug|Any CPU.ActiveCfg = Debug|Any CPU
		{5cfcb9db-7e07-e2cd-605b-7e8686511e0c}.Debug|Any CPU.Build.0 = Debug|Any CPU
		{87e6e452-2768-bc05-c887-ba5c8ee80a78}.Debug|Any CPU.ActiveCfg = Debug|Any CPU
		{87e6e452-2768-bc05-c887-ba5c8ee80a78}.Debug|Any CPU.Build.0 = Debug|Any CPU
		{6ab291dc-0a88-3fe5-07bb-7e069aa374f4}.Debug|Any CPU.ActiveCfg = Debug|Any CPU
		{6ab291dc-0a88-3fe5-07bb-7e069aa374f4}.Debug|Any CPU.Build.0 = Debug|Any CPU
		{52b5c65c-3e79-48f5-2b3c-9dd4eaa28975}.Debug|Any CPU.ActiveCfg = Debug|Any CPU
		{52b5c65c-3e79-48f5-2b3c-9dd4eaa28975}.Debug|Any CPU.Build.0 = Debug|Any CPU
		{d158f35c-16cd-2092-892c-33430e4c306b}.Debug|Any CPU.ActiveCfg = Debug|Any CPU
		{d158f35c-16cd-2092-892c-33430e4c306b}.Debug|Any CPU.Build.0 = Debug|Any CPU
		{7f804cae-f054-d4fe-f53f-6c4eed3cffe2}.Debug|Any CPU.ActiveCfg = Debug|Any CPU
		{7f804cae-f054-d4fe-f53f-6c4eed3cffe2}.Debug|Any CPU.Build.0 = Debug|Any CPU
		{df7187c1-8855-89de-a984-7a38b993941d}.Debug|Any CPU.ActiveCfg = Debug|Any CPU
		{df7187c1-8855-89de-a984-7a38b993941d}.Debug|Any CPU.Build.0 = Debug|Any CPU
		{f13b138e-d5bf-c20e-7490-ea69c40c7c69}.Debug|Any CPU.ActiveCfg = Debug|Any CPU
		{f13b138e-d5bf-c20e-7490-ea69c40c7c69}.Debug|Any CPU.Build.0 = Debug|Any CPU
		{015bf031-71a8-7698-599a-9c46973c355d}.Debug|Any CPU.ActiveCfg = Debug|Any CPU
		{015bf031-71a8-7698-599a-9c46973c355d}.Debug|Any CPU.Build.0 = Debug|Any CPU
		{85d4691c-5f33-8361-35df-2576e853ab28}.Debug|Any CPU.ActiveCfg = Debug|Any CPU
		{85d4691c-5f33-8361-35df-2576e853ab28}.Debug|Any CPU.Build.0 = Debug|Any CPU
		{42c889ef-a95c-4c4c-2d38-5a4d08a87883}.Debug|Any CPU.ActiveCfg = Debug|Any CPU
		{42c889ef-a95c-4c4c-2d38-5a4d08a87883}.Debug|Any CPU.Build.0 = Debug|Any CPU
		{3af1cd58-5fd7-f8b1-f15c-118f7c8b865b}.Debug|Any CPU.ActiveCfg = Debug|Any CPU
		{3af1cd58-5fd7-f8b1-f15c-118f7c8b865b}.Debug|Any CPU.Build.0 = Debug|Any CPU
		{cf9d0880-6220-bccc-7a56-aaf88cf9d6e3}.Debug|Any CPU.ActiveCfg = Debug|Any CPU
		{cf9d0880-6220-bccc-7a56-aaf88cf9d6e3}.Debug|Any CPU.Build.0 = Debug|Any CPU
		{5ee4bac4-cd13-b6f6-175b-5184e5cbe7a3}.Debug|Any CPU.ActiveCfg = Debug|Any CPU
		{5ee4bac4-cd13-b6f6-175b-5184e5cbe7a3}.Debug|Any CPU.Build.0 = Debug|Any CPU
		{5a2cda5d-e8cc-d15e-79fe-2c78bfdfb68a}.Debug|Any CPU.ActiveCfg = Debug|Any CPU
		{5a2cda5d-e8cc-d15e-79fe-2c78bfdfb68a}.Debug|Any CPU.Build.0 = Debug|Any CPU
		{58b006f7-3d39-912d-64f8-a735800f829f}.Debug|Any CPU.ActiveCfg = Debug|Any CPU
		{58b006f7-3d39-912d-64f8-a735800f829f}.Debug|Any CPU.Build.0 = Debug|Any CPU
		{ddb4f66f-4c0a-ab0f-c1ba-18a5e0a07d49}.Debug|Any CPU.ActiveCfg = Debug|Any CPU
		{ddb4f66f-4c0a-ab0f-c1ba-18a5e0a07d49}.Debug|Any CPU.Build.0 = Debug|Any CPU
		{af45eb18-6086-ad85-c0ec-748c30aa3a79}.Debug|Any CPU.ActiveCfg = Debug|Any CPU
		{af45eb18-6086-ad85-c0ec-748c30aa3a79}.Debug|Any CPU.Build.0 = Debug|Any CPU
		{acba7438-96ed-132c-b4d1-dce2f2082523}.Debug|Any CPU.ActiveCfg = Debug|Any CPU
		{acba7438-96ed-132c-b4d1-dce2f2082523}.Debug|Any CPU.Build.0 = Debug|Any CPU
		{9ff1cc09-72f9-6b81-289f-e2aad9020648}.Debug|Any CPU.ActiveCfg = Debug|Any CPU
		{9ff1cc09-72f9-6b81-289f-e2aad9020648}.Debug|Any CPU.Build.0 = Debug|Any CPU
		{25115b2c-f9d6-41c3-1a3f-5c17b06a167b}.Debug|Any CPU.ActiveCfg = Debug|Any CPU
		{25115b2c-f9d6-41c3-1a3f-5c17b06a167b}.Debug|Any CPU.Build.0 = Debug|Any CPU
	EndGlobalSection
	GlobalSection(SolutionProperties) = preSolution
		HideSolutionNode = FALSE
	EndGlobalSection
EndGlobal
