
Microsoft Visual Studio Solution File, Format Version 12.00
# Visual Studio 15
Project("{FAE04EC0-301F-11D3-BF4B-00C04F79EFBC}") = "Oculus.Interaction.Editor", "Oculus.Interaction.Editor.csproj", "{234D2C72-E028-8E1B-EB8A-6E2BB9683963}"
EndProject
Project("{FAE04EC0-301F-11D3-BF4B-00C04F79EFBC}") = "Meta.WitAi.Conduit", "Meta.WitAi.Conduit.csproj", "{7C709015-0125-4C51-1226-6400ECC21F29}"
EndProject
Project("{FAE04EC0-301F-11D3-BF4B-00C04F79EFBC}") = "Oculus.VR", "Oculus.VR.csproj", "{0D8882E0-C288-F3B5-D0C1-878732D6A164}"
EndProject
Project("{FAE04EC0-301F-11D3-BF4B-00C04F79EFBC}") = "Oculus.Interaction", "Oculus.Interaction.csproj", "{F5065EED-FF10-9BD1-A97C-99CB01522AA2}"
EndProject
Project("{FAE04EC0-301F-11D3-BF4B-00C04F79EFBC}") = "Meta.Voice.Samples.ShapesConduit", "Meta.Voice.Samples.ShapesConduit.csproj", "{64934130-E60D-7484-B167-D1654290C98B}"
EndProject
Project("{FAE04EC0-301F-11D3-BF4B-00C04F79EFBC}") = "Assembly-CSharp", "Assembly-CSharp.csproj", "{BF695A10-5090-7CC9-A469-37E0BA94E17D}"
EndProject
Project("{FAE04EC0-301F-11D3-BF4B-00C04F79EFBC}") = "Meta.WitAi.Editor", "Meta.WitAi.Editor.csproj", "{0C211ED7-2710-AC63-9377-4D9FE78C93A8}"
EndProject
Project("{FAE04EC0-301F-11D3-BF4B-00C04F79EFBC}") = "Oculus.Platform", "Oculus.Platform.csproj", "{491BA6F9-AFEA-C3D5-E4E3-A276EA6C5A48}"
EndProject
Project("{FAE04EC0-301F-11D3-BF4B-00C04F79EFBC}") = "VoiceSDK.Telemetry", "VoiceSDK.Telemetry.csproj", "{15615676-F458-4B76-F71C-3281E89CA4EA}"
EndProject
Project("{FAE04EC0-301F-11D3-BF4B-00C04F79EFBC}") = "Meta.WitAi.Conduit.Editor", "Meta.WitAi.Conduit.Editor.csproj", "{84E99E93-A033-0973-9D37-055D92988E5A}"
EndProject
Project("{FAE04EC0-301F-11D3-BF4B-00C04F79EFBC}") = "Meta.WitAi", "Meta.WitAi.csproj", "{41E953D8-D8ED-6FE2-7251-049FDD66BB62}"
EndProject
Project("{FAE04EC0-301F-11D3-BF4B-00C04F79EFBC}") = "Oculus.Interaction.OVR.Samples", "Oculus.Interaction.OVR.Samples.csproj", "{D1331170-01F7-7989-4BC1-B18EAB0C3226}"
EndProject
Project("{FAE04EC0-301F-11D3-BF4B-00C04F79EFBC}") = "Meta.WitAi.Lib", "Meta.WitAi.Lib.csproj", "{05E03671-5414-EC3B-5252-0B7FB475245F}"
EndProject
Project("{FAE04EC0-301F-11D3-BF4B-00C04F79EFBC}") = "Oculus.VR.Editor", "Oculus.VR.Editor.csproj", "{312026A4-B491-FEDD-5417-BF93A606D97A}"
EndProject
Project("{FAE04EC0-301F-11D3-BF4B-00C04F79EFBC}") = "Meta.Voice.Hub.Runtime", "Meta.Voice.Hub.Runtime.csproj", "{60B28680-DB4C-0506-BF44-6A6C1A8E5A6C}"
EndProject
Project("{FAE04EC0-301F-11D3-BF4B-00C04F79EFBC}") = "Oculus.Interaction.OVR.Editor", "Oculus.Interaction.OVR.Editor.csproj", "{860E5461-4DAC-2478-A4AB-557430CBD36A}"
EndProject
Project("{FAE04EC0-301F-11D3-BF4B-00C04F79EFBC}") = "VoiceSDK.Dictation.Runtime", "VoiceSDK.Dictation.Runtime.csproj", "{CE614074-E67A-91BA-A224-5F11DE5932C9}"
EndProject
Project("{FAE04EC0-301F-11D3-BF4B-00C04F79EFBC}") = "Oculus.LipSync", "Oculus.LipSync.csproj", "{C0234557-9E63-AA57-2FDC-532C137F0789}"
EndProject
Project("{FAE04EC0-301F-11D3-BF4B-00C04F79EFBC}") = "Assembly-CSharp-Editor", "Assembly-CSharp-Editor.csproj", "{EF0BE83E-F2B9-8D12-353B-AAD8BC6B78B4}"
EndProject
Project("{FAE04EC0-301F-11D3-BF4B-00C04F79EFBC}") = "Oculus.Interaction.OVR", "Oculus.Interaction.OVR.csproj", "{51EBB71A-B640-C9DD-5EF9-BA811E92EC5F}"
EndProject
Project("{FAE04EC0-301F-11D3-BF4B-00C04F79EFBC}") = "Meta.Voice.Hub.Editor", "Meta.Voice.Hub.Editor.csproj", "{890D4204-B0BD-ECA4-D3B6-C60D45C74D7D}"
EndProject
Project("{FAE04EC0-301F-11D3-BF4B-00C04F79EFBC}") = "VoiceSDK.Editor", "VoiceSDK.Editor.csproj", "{DE621536-1DD9-BF19-1F77-3CEC6E405CFA}"
EndProject
Project("{FAE04EC0-301F-11D3-BF4B-00C04F79EFBC}") = "Meta.WitAI.Lib.Editor", "Meta.WitAI.Lib.Editor.csproj", "{FB7C4890-2F19-0D05-F84A-EBD2661D1C54}"
EndProject
Project("{FAE04EC0-301F-11D3-BF4B-00C04F79EFBC}") = "Oculus.Spatializer.Editor", "Oculus.Spatializer.Editor.csproj", "{2980BD1B-C367-82E3-5A90-81296426CC9D}"
EndProject
Project("{FAE04EC0-301F-11D3-BF4B-00C04F79EFBC}") = "AssistantCoreSDKRuntime", "AssistantCoreSDKRuntime.csproj", "{9EAF2EB7-FFA2-25B4-887D-F73D65C035C9}"
EndProject
Project("{FAE04EC0-301F-11D3-BF4B-00C04F79EFBC}") = "Oculus.AudioManager", "Oculus.AudioManager.csproj", "{AE5C2600-234B-F503-17F7-6E85CCA7C914}"
EndProject
Project("{FAE04EC0-301F-11D3-BF4B-00C04F79EFBC}") = "VoiceSDK.Runtime", "VoiceSDK.Runtime.csproj", "{4E4E967E-2D03-4A11-470D-E4815B97B7AD}"
EndProject
Project("{FAE04EC0-301F-11D3-BF4B-00C04F79EFBC}") = "Facebook.Wit.Dictation", "Facebook.Wit.Dictation.csproj", "{7A538A8C-EF86-326F-977D-40024C88DB4B}"
EndProject
Project("{FAE04EC0-301F-11D3-BF4B-00C04F79EFBC}") = "Meta.Voice.Samples.BuiltInTimer", "Meta.Voice.Samples.BuiltInTimer.csproj", "{36BFABFB-35FA-FD86-3B7C-89284E3ADDBC}"
EndProject
Project("{FAE04EC0-301F-11D3-BF4B-00C04F79EFBC}") = "Oculus.Platform.Editor", "Oculus.Platform.Editor.csproj", "{4B1583AB-DDDD-3190-BE9D-0E565813A138}"
EndProject
Project("{FAE04EC0-301F-11D3-BF4B-00C04F79EFBC}") = "Meta.XR.BuildingBlocks.Editor", "Meta.XR.BuildingBlocks.Editor.csproj", "{111D4716-E5C2-F049-EA70-EF9238EE82E9}"
EndProject
Project("{FAE04EC0-301F-11D3-BF4B-00C04F79EFBC}") = "Meta.Voice.Samples.TTSVoices", "Meta.Voice.Samples.TTSVoices.csproj", "{9B036953-E02E-F1A6-D9A0-157387FBF985}"
EndProject
Project("{FAE04EC0-301F-11D3-BF4B-00C04F79EFBC}") = "Meta.Voice.VSDKHub.Editor", "Meta.Voice.VSDKHub.Editor.csproj", "{D38D9558-9B89-E294-122D-DCE0473DC71B}"
EndProject
Project("{FAE04EC0-301F-11D3-BF4B-00C04F79EFBC}") = "Meta.WitAi.TTS", "Meta.WitAi.TTS.csproj", "{1F786026-181B-A282-292A-DFE170E0C306}"
EndProject
Project("{FAE04EC0-301F-11D3-BF4B-00C04F79EFBC}") = "Oculus.AudioManager.Audio.Editor", "Oculus.AudioManager.Audio.Editor.csproj", "{BC7FD121-2458-2FE0-848B-44CCF2830A2F}"
EndProject
Project("{FAE04EC0-301F-11D3-BF4B-00C04F79EFBC}") = "Meta.Voice.Samples.Chess", "Meta.Voice.Samples.Chess.csproj", "{5FCC10D7-4C0E-A3A9-81A2-1A1CDB4F69F0}"
EndProject
Project("{FAE04EC0-301F-11D3-BF4B-00C04F79EFBC}") = "Oculus.VR.Scripts.Editor", "Oculus.VR.Scripts.Editor.csproj", "{98675FC4-C1C2-2821-2148-E8A177C89DB3}"
EndProject
Project("{FAE04EC0-301F-11D3-BF4B-00C04F79EFBC}") = "Meta.Voice.Samples.LightTraits", "Meta.Voice.Samples.LightTraits.csproj", "{D6D8F951-AA46-AE98-2C11-90DE538C58B5}"
EndProject
Project("{FAE04EC0-301F-11D3-BF4B-00C04F79EFBC}") = "Meta.Voice.Samples.Dictation", "Meta.Voice.Samples.Dictation.csproj", "{A262A590-1427-8FBD-F2AC-98D910316952}"
EndProject
Project("{FAE04EC0-301F-11D3-BF4B-00C04F79EFBC}") = "Meta.Voice.Samples.Shapes", "Meta.Voice.Samples.Shapes.csproj", "{05F50AB9-69A2-CC98-E112-CD890729130A}"
EndProject
Project("{FAE04EC0-301F-11D3-BF4B-00C04F79EFBC}") = "Oculus.Interaction.Samples.Editor", "Oculus.Interaction.Samples.Editor.csproj", "{008A2814-1912-3DEC-B2AD-CBBC80FD84A2}"
EndProject
Project("{FAE04EC0-301F-11D3-BF4B-00C04F79EFBC}") = "Meta.WitAi.TTS.Editor", "Meta.WitAi.TTS.Editor.csproj", "{DC1D38C7-AFD7-3693-0785-AA9B316A575F}"
EndProject
Project("{FAE04EC0-301F-11D3-BF4B-00C04F79EFBC}") = "Meta.XR.BuildingBlocks", "Meta.XR.BuildingBlocks.csproj", "{64F80B7D-A69A-C0D6-3462-1692176DED2C}"
EndProject
Project("{FAE04EC0-301F-11D3-BF4B-00C04F79EFBC}") = "Oculus.Spatializer", "Oculus.Spatializer.csproj", "{9BE706F3-5391-6FDE-6B26-A8BFE990AA85}"
EndProject
Project("{FAE04EC0-301F-11D3-BF4B-00C04F79EFBC}") = "Oculus.LipSync.Editor", "Oculus.LipSync.Editor.csproj", "{A689237C-8C9E-3CAE-04E2-A2C2CE15F4A7}"
EndProject
Project("{FAE04EC0-301F-11D3-BF4B-00C04F79EFBC}") = "Oculus.AudioManager.Utils.Editor", "Oculus.AudioManager.Utils.Editor.csproj", "{BBDC0505-7377-A013-FE9D-F0C6692ABEEC}"
EndProject
Project("{FAE04EC0-301F-11D3-BF4B-00C04F79EFBC}") = "Meta.VoiceSDK.Mic.Common", "Meta.VoiceSDK.Mic.Common.csproj", "{DD022F0B-5988-CEC3-C453-EB7BDD26E3D3}"
EndProject
Project("{FAE04EC0-301F-11D3-BF4B-00C04F79EFBC}") = "VoiceSDK.Dictation.Editor", "VoiceSDK.Dictation.Editor.csproj", "{BC2CFF62-25EA-326F-097A-90624E1D918C}"
EndProject
Project("{FAE04EC0-301F-11D3-BF4B-00C04F79EFBC}") = "Meta.VoiceSDK.Mic.Other", "Meta.VoiceSDK.Mic.Other.csproj", "{139CC062-D2D0-F8B6-503D-C3AAB7CF62A8}"
EndProject
Project("{FAE04EC0-301F-11D3-BF4B-00C04F79EFBC}") = "AssistantCoreSDKEditor", "AssistantCoreSDKEditor.csproj", "{6B3FD9E1-2675-B828-8479-9E2684C1FD0E}"
EndProject
Project("{FAE04EC0-301F-11D3-BF4B-00C04F79EFBC}") = "Oculus.Interaction.InterfaceSupport", "Oculus.Interaction.InterfaceSupport.csproj", "{98D3B51D-906E-6893-9AAC-E1EDBBC9CAEC}"
EndProject
Project("{FAE04EC0-301F-11D3-BF4B-00C04F79EFBC}") = "Meta.Voice.Samples.LiveUnderstanding", "Meta.Voice.Samples.LiveUnderstanding.csproj", "{88168107-8053-7A81-94AA-17ABF475150E}"
EndProject
Project("{FAE04EC0-301F-11D3-BF4B-00C04F79EFBC}") = "Facebook.Wit.Dictation.Editor", "Facebook.Wit.Dictation.Editor.csproj", "{9304A9D5-66F7-BBED-DC3A-D555BF37EF1B}"
EndProject
Project("{FAE04EC0-301F-11D3-BF4B-00C04F79EFBC}") = "Meta.VoiceSDK.Mic.WebGL", "Meta.VoiceSDK.Mic.WebGL.csproj", "{EB3A78E1-1004-4B84-B6C9-965B423CCDFD}"
EndProject
Global
	GlobalSection(SolutionConfigurationPlatforms) = preSolution
		Debug|Any CPU = Debug|Any CPU
		Release|Any CPU = Release|Any CPU
	EndGlobalSection
	GlobalSection(ProjectConfigurationPlatforms) = postSolution
		{234D2C72-E028-8E1B-EB8A-6E2BB9683963}.Debug|Any CPU.ActiveCfg = Debug|Any CPU
		{234D2C72-E028-8E1B-EB8A-6E2BB9683963}.Debug|Any CPU.Build.0 = Debug|Any CPU
		{234D2C72-E028-8E1B-EB8A-6E2BB9683963}.Release|Any CPU.ActiveCfg = Release|Any CPU
		{234D2C72-E028-8E1B-EB8A-6E2BB9683963}.Release|Any CPU.Build.0 = Release|Any CPU
		{7C709015-0125-4C51-1226-6400ECC21F29}.Debug|Any CPU.ActiveCfg = Debug|Any CPU
		{7C709015-0125-4C51-1226-6400ECC21F29}.Debug|Any CPU.Build.0 = Debug|Any CPU
		{7C709015-0125-4C51-1226-6400ECC21F29}.Release|Any CPU.ActiveCfg = Release|Any CPU
		{7C709015-0125-4C51-1226-6400ECC21F29}.Release|Any CPU.Build.0 = Release|Any CPU
		{0D8882E0-C288-F3B5-D0C1-878732D6A164}.Debug|Any CPU.ActiveCfg = Debug|Any CPU
		{0D8882E0-C288-F3B5-D0C1-878732D6A164}.Debug|Any CPU.Build.0 = Debug|Any CPU
		{0D8882E0-C288-F3B5-D0C1-878732D6A164}.Release|Any CPU.ActiveCfg = Release|Any CPU
		{0D8882E0-C288-F3B5-D0C1-878732D6A164}.Release|Any CPU.Build.0 = Release|Any CPU
		{F5065EED-FF10-9BD1-A97C-99CB01522AA2}.Debug|Any CPU.ActiveCfg = Debug|Any CPU
		{F5065EED-FF10-9BD1-A97C-99CB01522AA2}.Debug|Any CPU.Build.0 = Debug|Any CPU
		{F5065EED-FF10-9BD1-A97C-99CB01522AA2}.Release|Any CPU.ActiveCfg = Release|Any CPU
		{F5065EED-FF10-9BD1-A97C-99CB01522AA2}.Release|Any CPU.Build.0 = Release|Any CPU
		{64934130-E60D-7484-B167-D1654290C98B}.Debug|Any CPU.ActiveCfg = Debug|Any CPU
		{64934130-E60D-7484-B167-D1654290C98B}.Debug|Any CPU.Build.0 = Debug|Any CPU
		{64934130-E60D-7484-B167-D1654290C98B}.Release|Any CPU.ActiveCfg = Release|Any CPU
		{64934130-E60D-7484-B167-D1654290C98B}.Release|Any CPU.Build.0 = Release|Any CPU
		{BF695A10-5090-7CC9-A469-37E0BA94E17D}.Debug|Any CPU.ActiveCfg = Debug|Any CPU
		{BF695A10-5090-7CC9-A469-37E0BA94E17D}.Debug|Any CPU.Build.0 = Debug|Any CPU
		{BF695A10-5090-7CC9-A469-37E0BA94E17D}.Release|Any CPU.ActiveCfg = Release|Any CPU
		{BF695A10-5090-7CC9-A469-37E0BA94E17D}.Release|Any CPU.Build.0 = Release|Any CPU
		{0C211ED7-2710-AC63-9377-4D9FE78C93A8}.Debug|Any CPU.ActiveCfg = Debug|Any CPU
		{0C211ED7-2710-AC63-9377-4D9FE78C93A8}.Debug|Any CPU.Build.0 = Debug|Any CPU
		{0C211ED7-2710-AC63-9377-4D9FE78C93A8}.Release|Any CPU.ActiveCfg = Release|Any CPU
		{0C211ED7-2710-AC63-9377-4D9FE78C93A8}.Release|Any CPU.Build.0 = Release|Any CPU
		{491BA6F9-AFEA-C3D5-E4E3-A276EA6C5A48}.Debug|Any CPU.ActiveCfg = Debug|Any CPU
		{491BA6F9-AFEA-C3D5-E4E3-A276EA6C5A48}.Debug|Any CPU.Build.0 = Debug|Any CPU
		{491BA6F9-AFEA-C3D5-E4E3-A276EA6C5A48}.Release|Any CPU.ActiveCfg = Release|Any CPU
		{491BA6F9-AFEA-C3D5-E4E3-A276EA6C5A48}.Release|Any CPU.Build.0 = Release|Any CPU
		{15615676-F458-4B76-F71C-3281E89CA4EA}.Debug|Any CPU.ActiveCfg = Debug|Any CPU
		{15615676-F458-4B76-F71C-3281E89CA4EA}.Debug|Any CPU.Build.0 = Debug|Any CPU
		{15615676-F458-4B76-F71C-3281E89CA4EA}.Release|Any CPU.ActiveCfg = Release|Any CPU
		{15615676-F458-4B76-F71C-3281E89CA4EA}.Release|Any CPU.Build.0 = Release|Any CPU
		{84E99E93-A033-0973-9D37-055D92988E5A}.Debug|Any CPU.ActiveCfg = Debug|Any CPU
		{84E99E93-A033-0973-9D37-055D92988E5A}.Debug|Any CPU.Build.0 = Debug|Any CPU
		{84E99E93-A033-0973-9D37-055D92988E5A}.Release|Any CPU.ActiveCfg = Release|Any CPU
		{84E99E93-A033-0973-9D37-055D92988E5A}.Release|Any CPU.Build.0 = Release|Any CPU
		{41E953D8-D8ED-6FE2-7251-049FDD66BB62}.Debug|Any CPU.ActiveCfg = Debug|Any CPU
		{41E953D8-D8ED-6FE2-7251-049FDD66BB62}.Debug|Any CPU.Build.0 = Debug|Any CPU
		{41E953D8-D8ED-6FE2-7251-049FDD66BB62}.Release|Any CPU.ActiveCfg = Release|Any CPU
		{41E953D8-D8ED-6FE2-7251-049FDD66BB62}.Release|Any CPU.Build.0 = Release|Any CPU
		{D1331170-01F7-7989-4BC1-B18EAB0C3226}.Debug|Any CPU.ActiveCfg = Debug|Any CPU
		{D1331170-01F7-7989-4BC1-B18EAB0C3226}.Debug|Any CPU.Build.0 = Debug|Any CPU
		{D1331170-01F7-7989-4BC1-B18EAB0C3226}.Release|Any CPU.ActiveCfg = Release|Any CPU
		{D1331170-01F7-7989-4BC1-B18EAB0C3226}.Release|Any CPU.Build.0 = Release|Any CPU
		{05E03671-5414-EC3B-5252-0B7FB475245F}.Debug|Any CPU.ActiveCfg = Debug|Any CPU
		{05E03671-5414-EC3B-5252-0B7FB475245F}.Debug|Any CPU.Build.0 = Debug|Any CPU
		{05E03671-5414-EC3B-5252-0B7FB475245F}.Release|Any CPU.ActiveCfg = Release|Any CPU
		{05E03671-5414-EC3B-5252-0B7FB475245F}.Release|Any CPU.Build.0 = Release|Any CPU
		{312026A4-B491-FEDD-5417-BF93A606D97A}.Debug|Any CPU.ActiveCfg = Debug|Any CPU
		{312026A4-B491-FEDD-5417-BF93A606D97A}.Debug|Any CPU.Build.0 = Debug|Any CPU
		{312026A4-B491-FEDD-5417-BF93A606D97A}.Release|Any CPU.ActiveCfg = Release|Any CPU
		{312026A4-B491-FEDD-5417-BF93A606D97A}.Release|Any CPU.Build.0 = Release|Any CPU
		{60B28680-DB4C-0506-BF44-6A6C1A8E5A6C}.Debug|Any CPU.ActiveCfg = Debug|Any CPU
		{60B28680-DB4C-0506-BF44-6A6C1A8E5A6C}.Debug|Any CPU.Build.0 = Debug|Any CPU
		{60B28680-DB4C-0506-BF44-6A6C1A8E5A6C}.Release|Any CPU.ActiveCfg = Release|Any CPU
		{60B28680-DB4C-0506-BF44-6A6C1A8E5A6C}.Release|Any CPU.Build.0 = Release|Any CPU
		{860E5461-4DAC-2478-A4AB-557430CBD36A}.Debug|Any CPU.ActiveCfg = Debug|Any CPU
		{860E5461-4DAC-2478-A4AB-557430CBD36A}.Debug|Any CPU.Build.0 = Debug|Any CPU
		{860E5461-4DAC-2478-A4AB-557430CBD36A}.Release|Any CPU.ActiveCfg = Release|Any CPU
		{860E5461-4DAC-2478-A4AB-557430CBD36A}.Release|Any CPU.Build.0 = Release|Any CPU
		{CE614074-E67A-91BA-A224-5F11DE5932C9}.Debug|Any CPU.ActiveCfg = Debug|Any CPU
		{CE614074-E67A-91BA-A224-5F11DE5932C9}.Debug|Any CPU.Build.0 = Debug|Any CPU
		{CE614074-E67A-91BA-A224-5F11DE5932C9}.Release|Any CPU.ActiveCfg = Release|Any CPU
		{CE614074-E67A-91BA-A224-5F11DE5932C9}.Release|Any CPU.Build.0 = Release|Any CPU
		{C0234557-9E63-AA57-2FDC-532C137F0789}.Debug|Any CPU.ActiveCfg = Debug|Any CPU
		{C0234557-9E63-AA57-2FDC-532C137F0789}.Debug|Any CPU.Build.0 = Debug|Any CPU
		{C0234557-9E63-AA57-2FDC-532C137F0789}.Release|Any CPU.ActiveCfg = Release|Any CPU
		{C0234557-9E63-AA57-2FDC-532C137F0789}.Release|Any CPU.Build.0 = Release|Any CPU
		{EF0BE83E-F2B9-8D12-353B-AAD8BC6B78B4}.Debug|Any CPU.ActiveCfg = Debug|Any CPU
		{EF0BE83E-F2B9-8D12-353B-AAD8BC6B78B4}.Debug|Any CPU.Build.0 = Debug|Any CPU
		{EF0BE83E-F2B9-8D12-353B-AAD8BC6B78B4}.Release|Any CPU.ActiveCfg = Release|Any CPU
		{EF0BE83E-F2B9-8D12-353B-AAD8BC6B78B4}.Release|Any CPU.Build.0 = Release|Any CPU
		{51EBB71A-B640-C9DD-5EF9-BA811E92EC5F}.Debug|Any CPU.ActiveCfg = Debug|Any CPU
		{51EBB71A-B640-C9DD-5EF9-BA811E92EC5F}.Debug|Any CPU.Build.0 = Debug|Any CPU
		{51EBB71A-B640-C9DD-5EF9-BA811E92EC5F}.Release|Any CPU.ActiveCfg = Release|Any CPU
		{51EBB71A-B640-C9DD-5EF9-BA811E92EC5F}.Release|Any CPU.Build.0 = Release|Any CPU
		{890D4204-B0BD-ECA4-D3B6-C60D45C74D7D}.Debug|Any CPU.ActiveCfg = Debug|Any CPU
		{890D4204-B0BD-ECA4-D3B6-C60D45C74D7D}.Debug|Any CPU.Build.0 = Debug|Any CPU
		{890D4204-B0BD-ECA4-D3B6-C60D45C74D7D}.Release|Any CPU.ActiveCfg = Release|Any CPU
		{890D4204-B0BD-ECA4-D3B6-C60D45C74D7D}.Release|Any CPU.Build.0 = Release|Any CPU
		{DE621536-1DD9-BF19-1F77-3CEC6E405CFA}.Debug|Any CPU.ActiveCfg = Debug|Any CPU
		{DE621536-1DD9-BF19-1F77-3CEC6E405CFA}.Debug|Any CPU.Build.0 = Debug|Any CPU
		{DE621536-1DD9-BF19-1F77-3CEC6E405CFA}.Release|Any CPU.ActiveCfg = Release|Any CPU
		{DE621536-1DD9-BF19-1F77-3CEC6E405CFA}.Release|Any CPU.Build.0 = Release|Any CPU
		{FB7C4890-2F19-0D05-F84A-EBD2661D1C54}.Debug|Any CPU.ActiveCfg = Debug|Any CPU
		{FB7C4890-2F19-0D05-F84A-EBD2661D1C54}.Debug|Any CPU.Build.0 = Debug|Any CPU
		{FB7C4890-2F19-0D05-F84A-EBD2661D1C54}.Release|Any CPU.ActiveCfg = Release|Any CPU
		{FB7C4890-2F19-0D05-F84A-EBD2661D1C54}.Release|Any CPU.Build.0 = Release|Any CPU
		{2980BD1B-C367-82E3-5A90-81296426CC9D}.Debug|Any CPU.ActiveCfg = Debug|Any CPU
		{2980BD1B-C367-82E3-5A90-81296426CC9D}.Debug|Any CPU.Build.0 = Debug|Any CPU
		{2980BD1B-C367-82E3-5A90-81296426CC9D}.Release|Any CPU.ActiveCfg = Release|Any CPU
		{2980BD1B-C367-82E3-5A90-81296426CC9D}.Release|Any CPU.Build.0 = Release|Any CPU
		{9EAF2EB7-FFA2-25B4-887D-F73D65C035C9}.Debug|Any CPU.ActiveCfg = Debug|Any CPU
		{9EAF2EB7-FFA2-25B4-887D-F73D65C035C9}.Debug|Any CPU.Build.0 = Debug|Any CPU
		{9EAF2EB7-FFA2-25B4-887D-F73D65C035C9}.Release|Any CPU.ActiveCfg = Release|Any CPU
		{9EAF2EB7-FFA2-25B4-887D-F73D65C035C9}.Release|Any CPU.Build.0 = Release|Any CPU
		{AE5C2600-234B-F503-17F7-6E85CCA7C914}.Debug|Any CPU.ActiveCfg = Debug|Any CPU
		{AE5C2600-234B-F503-17F7-6E85CCA7C914}.Debug|Any CPU.Build.0 = Debug|Any CPU
		{AE5C2600-234B-F503-17F7-6E85CCA7C914}.Release|Any CPU.ActiveCfg = Release|Any CPU
		{AE5C2600-234B-F503-17F7-6E85CCA7C914}.Release|Any CPU.Build.0 = Release|Any CPU
		{4E4E967E-2D03-4A11-470D-E4815B97B7AD}.Debug|Any CPU.ActiveCfg = Debug|Any CPU
		{4E4E967E-2D03-4A11-470D-E4815B97B7AD}.Debug|Any CPU.Build.0 = Debug|Any CPU
		{4E4E967E-2D03-4A11-470D-E4815B97B7AD}.Release|Any CPU.ActiveCfg = Release|Any CPU
		{4E4E967E-2D03-4A11-470D-E4815B97B7AD}.Release|Any CPU.Build.0 = Release|Any CPU
		{7A538A8C-EF86-326F-977D-40024C88DB4B}.Debug|Any CPU.ActiveCfg = Debug|Any CPU
		{7A538A8C-EF86-326F-977D-40024C88DB4B}.Debug|Any CPU.Build.0 = Debug|Any CPU
		{7A538A8C-EF86-326F-977D-40024C88DB4B}.Release|Any CPU.ActiveCfg = Release|Any CPU
		{7A538A8C-EF86-326F-977D-40024C88DB4B}.Release|Any CPU.Build.0 = Release|Any CPU
		{36BFABFB-35FA-FD86-3B7C-89284E3ADDBC}.Debug|Any CPU.ActiveCfg = Debug|Any CPU
		{36BFABFB-35FA-FD86-3B7C-89284E3ADDBC}.Debug|Any CPU.Build.0 = Debug|Any CPU
		{36BFABFB-35FA-FD86-3B7C-89284E3ADDBC}.Release|Any CPU.ActiveCfg = Release|Any CPU
		{36BFABFB-35FA-FD86-3B7C-89284E3ADDBC}.Release|Any CPU.Build.0 = Release|Any CPU
		{4B1583AB-DDDD-3190-BE9D-0E565813A138}.Debug|Any CPU.ActiveCfg = Debug|Any CPU
		{4B1583AB-DDDD-3190-BE9D-0E565813A138}.Debug|Any CPU.Build.0 = Debug|Any CPU
		{4B1583AB-DDDD-3190-BE9D-0E565813A138}.Release|Any CPU.ActiveCfg = Release|Any CPU
		{4B1583AB-DDDD-3190-BE9D-0E565813A138}.Release|Any CPU.Build.0 = Release|Any CPU
		{111D4716-E5C2-F049-EA70-EF9238EE82E9}.Debug|Any CPU.ActiveCfg = Debug|Any CPU
		{111D4716-E5C2-F049-EA70-EF9238EE82E9}.Debug|Any CPU.Build.0 = Debug|Any CPU
		{111D4716-E5C2-F049-EA70-EF9238EE82E9}.Release|Any CPU.ActiveCfg = Release|Any CPU
		{111D4716-E5C2-F049-EA70-EF9238EE82E9}.Release|Any CPU.Build.0 = Release|Any CPU
		{9B036953-E02E-F1A6-D9A0-157387FBF985}.Debug|Any CPU.ActiveCfg = Debug|Any CPU
		{9B036953-E02E-F1A6-D9A0-157387FBF985}.Debug|Any CPU.Build.0 = Debug|Any CPU
		{9B036953-E02E-F1A6-D9A0-157387FBF985}.Release|Any CPU.ActiveCfg = Release|Any CPU
		{9B036953-E02E-F1A6-D9A0-157387FBF985}.Release|Any CPU.Build.0 = Release|Any CPU
		{D38D9558-9B89-E294-122D-DCE0473DC71B}.Debug|Any CPU.ActiveCfg = Debug|Any CPU
		{D38D9558-9B89-E294-122D-DCE0473DC71B}.Debug|Any CPU.Build.0 = Debug|Any CPU
		{D38D9558-9B89-E294-122D-DCE0473DC71B}.Release|Any CPU.ActiveCfg = Release|Any CPU
		{D38D9558-9B89-E294-122D-DCE0473DC71B}.Release|Any CPU.Build.0 = Release|Any CPU
		{1F786026-181B-A282-292A-DFE170E0C306}.Debug|Any CPU.ActiveCfg = Debug|Any CPU
		{1F786026-181B-A282-292A-DFE170E0C306}.Debug|Any CPU.Build.0 = Debug|Any CPU
		{1F786026-181B-A282-292A-DFE170E0C306}.Release|Any CPU.ActiveCfg = Release|Any CPU
		{1F786026-181B-A282-292A-DFE170E0C306}.Release|Any CPU.Build.0 = Release|Any CPU
		{BC7FD121-2458-2FE0-848B-44CCF2830A2F}.Debug|Any CPU.ActiveCfg = Debug|Any CPU
		{BC7FD121-2458-2FE0-848B-44CCF2830A2F}.Debug|Any CPU.Build.0 = Debug|Any CPU
		{BC7FD121-2458-2FE0-848B-44CCF2830A2F}.Release|Any CPU.ActiveCfg = Release|Any CPU
		{BC7FD121-2458-2FE0-848B-44CCF2830A2F}.Release|Any CPU.Build.0 = Release|Any CPU
		{5FCC10D7-4C0E-A3A9-81A2-1A1CDB4F69F0}.Debug|Any CPU.ActiveCfg = Debug|Any CPU
		{5FCC10D7-4C0E-A3A9-81A2-1A1CDB4F69F0}.Debug|Any CPU.Build.0 = Debug|Any CPU
		{5FCC10D7-4C0E-A3A9-81A2-1A1CDB4F69F0}.Release|Any CPU.ActiveCfg = Release|Any CPU
		{5FCC10D7-4C0E-A3A9-81A2-1A1CDB4F69F0}.Release|Any CPU.Build.0 = Release|Any CPU
		{98675FC4-C1C2-2821-2148-E8A177C89DB3}.Debug|Any CPU.ActiveCfg = Debug|Any CPU
		{98675FC4-C1C2-2821-2148-E8A177C89DB3}.Debug|Any CPU.Build.0 = Debug|Any CPU
		{98675FC4-C1C2-2821-2148-E8A177C89DB3}.Release|Any CPU.ActiveCfg = Release|Any CPU
		{98675FC4-C1C2-2821-2148-E8A177C89DB3}.Release|Any CPU.Build.0 = Release|Any CPU
		{D6D8F951-AA46-AE98-2C11-90DE538C58B5}.Debug|Any CPU.ActiveCfg = Debug|Any CPU
		{D6D8F951-AA46-AE98-2C11-90DE538C58B5}.Debug|Any CPU.Build.0 = Debug|Any CPU
		{D6D8F951-AA46-AE98-2C11-90DE538C58B5}.Release|Any CPU.ActiveCfg = Release|Any CPU
		{D6D8F951-AA46-AE98-2C11-90DE538C58B5}.Release|Any CPU.Build.0 = Release|Any CPU
		{A262A590-1427-8FBD-F2AC-98D910316952}.Debug|Any CPU.ActiveCfg = Debug|Any CPU
		{A262A590-1427-8FBD-F2AC-98D910316952}.Debug|Any CPU.Build.0 = Debug|Any CPU
		{A262A590-1427-8FBD-F2AC-98D910316952}.Release|Any CPU.ActiveCfg = Release|Any CPU
		{A262A590-1427-8FBD-F2AC-98D910316952}.Release|Any CPU.Build.0 = Release|Any CPU
		{05F50AB9-69A2-CC98-E112-CD890729130A}.Debug|Any CPU.ActiveCfg = Debug|Any CPU
		{05F50AB9-69A2-CC98-E112-CD890729130A}.Debug|Any CPU.Build.0 = Debug|Any CPU
		{05F50AB9-69A2-CC98-E112-CD890729130A}.Release|Any CPU.ActiveCfg = Release|Any CPU
		{05F50AB9-69A2-CC98-E112-CD890729130A}.Release|Any CPU.Build.0 = Release|Any CPU
		{008A2814-1912-3DEC-B2AD-CBBC80FD84A2}.Debug|Any CPU.ActiveCfg = Debug|Any CPU
		{008A2814-1912-3DEC-B2AD-CBBC80FD84A2}.Debug|Any CPU.Build.0 = Debug|Any CPU
		{008A2814-1912-3DEC-B2AD-CBBC80FD84A2}.Release|Any CPU.ActiveCfg = Release|Any CPU
		{008A2814-1912-3DEC-B2AD-CBBC80FD84A2}.Release|Any CPU.Build.0 = Release|Any CPU
		{DC1D38C7-AFD7-3693-0785-AA9B316A575F}.Debug|Any CPU.ActiveCfg = Debug|Any CPU
		{DC1D38C7-AFD7-3693-0785-AA9B316A575F}.Debug|Any CPU.Build.0 = Debug|Any CPU
		{DC1D38C7-AFD7-3693-0785-AA9B316A575F}.Release|Any CPU.ActiveCfg = Release|Any CPU
		{DC1D38C7-AFD7-3693-0785-AA9B316A575F}.Release|Any CPU.Build.0 = Release|Any CPU
		{64F80B7D-A69A-C0D6-3462-1692176DED2C}.Debug|Any CPU.ActiveCfg = Debug|Any CPU
		{64F80B7D-A69A-C0D6-3462-1692176DED2C}.Debug|Any CPU.Build.0 = Debug|Any CPU
		{64F80B7D-A69A-C0D6-3462-1692176DED2C}.Release|Any CPU.ActiveCfg = Release|Any CPU
		{64F80B7D-A69A-C0D6-3462-1692176DED2C}.Release|Any CPU.Build.0 = Release|Any CPU
		{9BE706F3-5391-6FDE-6B26-A8BFE990AA85}.Debug|Any CPU.ActiveCfg = Debug|Any CPU
		{9BE706F3-5391-6FDE-6B26-A8BFE990AA85}.Debug|Any CPU.Build.0 = Debug|Any CPU
		{9BE706F3-5391-6FDE-6B26-A8BFE990AA85}.Release|Any CPU.ActiveCfg = Release|Any CPU
		{9BE706F3-5391-6FDE-6B26-A8BFE990AA85}.Release|Any CPU.Build.0 = Release|Any CPU
		{A689237C-8C9E-3CAE-04E2-A2C2CE15F4A7}.Debug|Any CPU.ActiveCfg = Debug|Any CPU
		{A689237C-8C9E-3CAE-04E2-A2C2CE15F4A7}.Debug|Any CPU.Build.0 = Debug|Any CPU
		{A689237C-8C9E-3CAE-04E2-A2C2CE15F4A7}.Release|Any CPU.ActiveCfg = Release|Any CPU
		{A689237C-8C9E-3CAE-04E2-A2C2CE15F4A7}.Release|Any CPU.Build.0 = Release|Any CPU
		{BBDC0505-7377-A013-FE9D-F0C6692ABEEC}.Debug|Any CPU.ActiveCfg = Debug|Any CPU
		{BBDC0505-7377-A013-FE9D-F0C6692ABEEC}.Debug|Any CPU.Build.0 = Debug|Any CPU
		{BBDC0505-7377-A013-FE9D-F0C6692ABEEC}.Release|Any CPU.ActiveCfg = Release|Any CPU
		{BBDC0505-7377-A013-FE9D-F0C6692ABEEC}.Release|Any CPU.Build.0 = Release|Any CPU
		{DD022F0B-5988-CEC3-C453-EB7BDD26E3D3}.Debug|Any CPU.ActiveCfg = Debug|Any CPU
		{DD022F0B-5988-CEC3-C453-EB7BDD26E3D3}.Debug|Any CPU.Build.0 = Debug|Any CPU
		{DD022F0B-5988-CEC3-C453-EB7BDD26E3D3}.Release|Any CPU.ActiveCfg = Release|Any CPU
		{DD022F0B-5988-CEC3-C453-EB7BDD26E3D3}.Release|Any CPU.Build.0 = Release|Any CPU
		{BC2CFF62-25EA-326F-097A-90624E1D918C}.Debug|Any CPU.ActiveCfg = Debug|Any CPU
		{BC2CFF62-25EA-326F-097A-90624E1D918C}.Debug|Any CPU.Build.0 = Debug|Any CPU
		{BC2CFF62-25EA-326F-097A-90624E1D918C}.Release|Any CPU.ActiveCfg = Release|Any CPU
		{BC2CFF62-25EA-326F-097A-90624E1D918C}.Release|Any CPU.Build.0 = Release|Any CPU
		{139CC062-D2D0-F8B6-503D-C3AAB7CF62A8}.Debug|Any CPU.ActiveCfg = Debug|Any CPU
		{139CC062-D2D0-F8B6-503D-C3AAB7CF62A8}.Debug|Any CPU.Build.0 = Debug|Any CPU
		{139CC062-D2D0-F8B6-503D-C3AAB7CF62A8}.Release|Any CPU.ActiveCfg = Release|Any CPU
		{139CC062-D2D0-F8B6-503D-C3AAB7CF62A8}.Release|Any CPU.Build.0 = Release|Any CPU
		{6B3FD9E1-2675-B828-8479-9E2684C1FD0E}.Debug|Any CPU.ActiveCfg = Debug|Any CPU
		{6B3FD9E1-2675-B828-8479-9E2684C1FD0E}.Debug|Any CPU.Build.0 = Debug|Any CPU
		{6B3FD9E1-2675-B828-8479-9E2684C1FD0E}.Release|Any CPU.ActiveCfg = Release|Any CPU
		{6B3FD9E1-2675-B828-8479-9E2684C1FD0E}.Release|Any CPU.Build.0 = Release|Any CPU
		{98D3B51D-906E-6893-9AAC-E1EDBBC9CAEC}.Debug|Any CPU.ActiveCfg = Debug|Any CPU
		{98D3B51D-906E-6893-9AAC-E1EDBBC9CAEC}.Debug|Any CPU.Build.0 = Debug|Any CPU
		{98D3B51D-906E-6893-9AAC-E1EDBBC9CAEC}.Release|Any CPU.ActiveCfg = Release|Any CPU
		{98D3B51D-906E-6893-9AAC-E1EDBBC9CAEC}.Release|Any CPU.Build.0 = Release|Any CPU
		{88168107-8053-7A81-94AA-17ABF475150E}.Debug|Any CPU.ActiveCfg = Debug|Any CPU
		{88168107-8053-7A81-94AA-17ABF475150E}.Debug|Any CPU.Build.0 = Debug|Any CPU
		{88168107-8053-7A81-94AA-17ABF475150E}.Release|Any CPU.ActiveCfg = Release|Any CPU
		{88168107-8053-7A81-94AA-17ABF475150E}.Release|Any CPU.Build.0 = Release|Any CPU
		{9304A9D5-66F7-BBED-DC3A-D555BF37EF1B}.Debug|Any CPU.ActiveCfg = Debug|Any CPU
		{9304A9D5-66F7-BBED-DC3A-D555BF37EF1B}.Debug|Any CPU.Build.0 = Debug|Any CPU
		{9304A9D5-66F7-BBED-DC3A-D555BF37EF1B}.Release|Any CPU.ActiveCfg = Release|Any CPU
		{9304A9D5-66F7-BBED-DC3A-D555BF37EF1B}.Release|Any CPU.Build.0 = Release|Any CPU
		{EB3A78E1-1004-4B84-B6C9-965B423CCDFD}.Debug|Any CPU.ActiveCfg = Debug|Any CPU
		{EB3A78E1-1004-4B84-B6C9-965B423CCDFD}.Debug|Any CPU.Build.0 = Debug|Any CPU
		{EB3A78E1-1004-4B84-B6C9-965B423CCDFD}.Release|Any CPU.ActiveCfg = Release|Any CPU
		{EB3A78E1-1004-4B84-B6C9-965B423CCDFD}.Release|Any CPU.Build.0 = Release|Any CPU
	EndGlobalSection
	GlobalSection(SolutionProperties) = preSolution
		HideSolutionNode = FALSE
	EndGlobalSection
EndGlobal
